// !$*UTF8*$!
{
	archiveVersion = 1;
	classes = {
	};
	objectVersion = 54;
	objects = {

/* Begin PBXBuildFile section */
		0088D4BF41A829AA9551833F /* libPods-WedPlanCommonPods-WedPlan.a in Frameworks */ = {isa = PBXBuildFile; fileRef = D0C35E81CD54AC9FC54570CA /* libPods-WedPlanCommonPods-WedPlan.a */; };
		00E356F31AD99517003FC87E /* WedPlanTests.m in Sources */ = {isa = PBXBuildFile; fileRef = 00E356F21AD99517003FC87E /* WedPlanTests.m */; };
		13B07FBC1A68108700A75B9A /* AppDelegate.mm in Sources */ = {isa = PBXBuildFile; fileRef = 13B07FB01A68108700A75B9A /* AppDelegate.mm */; };
		13B07FBF1A68108700A75B9A /* Images.xcassets in Resources */ = {isa = PBXBuildFile; fileRef = 13B07FB51A68108700A75B9A /* Images.xcassets */; };
		13B07FC11A68108700A75B9A /* main.m in Sources */ = {isa = PBXBuildFile; fileRef = 13B07FB71A68108700A75B9A /* main.m */; };
		2C15D1032A0598BA00DB11FC /* AIRGoogleMapUrlTile.m in Sources */ = {isa = PBXBuildFile; fileRef = 2CC7F75D29ABCE0E00761580 /* AIRGoogleMapUrlTile.m */; };
		2C15D1042A0598BA00DB11FC /* AIRGoogleMapHeatmap.m in Sources */ = {isa = PBXBuildFile; fileRef = 2CC7F78629ABCE0E00761580 /* AIRGoogleMapHeatmap.m */; };
		2C15D1052A0598BA00DB11FC /* RCTConvert+GMSMapViewType.m in Sources */ = {isa = PBXBuildFile; fileRef = 2CC7F78229ABCE0E00761580 /* RCTConvert+GMSMapViewType.m */; };
		2C15D1062A0598BA00DB11FC /* AIRGoogleMapPolygonManager.m in Sources */ = {isa = PBXBuildFile; fileRef = 2CC7F76029ABCE0E00761580 /* AIRGoogleMapPolygonManager.m */; };
		2C15D1072A0598BA00DB11FC /* AIRGoogleMapOverlayManager.m in Sources */ = {isa = PBXBuildFile; fileRef = 2CC7F78529ABCE0E00761580 /* AIRGoogleMapOverlayManager.m */; };
		2C15D1082A0598BA00DB11FC /* AIRGMSPolyline.m in Sources */ = {isa = PBXBuildFile; fileRef = 2CC7F77D29ABCE0E00761580 /* AIRGMSPolyline.m */; };
		2C15D1092A0598BA00DB11FC /* AIRGoogleMapURLTileManager.m in Sources */ = {isa = PBXBuildFile; fileRef = 2CC7F76829ABCE0E00761580 /* AIRGoogleMapURLTileManager.m */; };
		2C15D10A2A0598BA00DB11FC /* AIRGoogleMapCalloutSubviewManager.m in Sources */ = {isa = PBXBuildFile; fileRef = 2CC7F78329ABCE0E00761580 /* AIRGoogleMapCalloutSubviewManager.m */; };
		2C15D10B2A0598BA00DB11FC /* AIRGoogleMapMarkerManager.m in Sources */ = {isa = PBXBuildFile; fileRef = 2CC7F77529ABCE0E00761580 /* AIRGoogleMapMarkerManager.m */; };
		2C15D10C2A0598BA00DB11FC /* AIRGoogleMapMarker.m in Sources */ = {isa = PBXBuildFile; fileRef = 2CC7F76329ABCE0E00761580 /* AIRGoogleMapMarker.m */; };
		2C15D10D2A0598BA00DB11FC /* AIRGMSMarker.m in Sources */ = {isa = PBXBuildFile; fileRef = 2CC7F78D29ABCE0E00761580 /* AIRGMSMarker.m */; };
		2C15D10E2A0598BA00DB11FC /* AIRGoogleMapCalloutSubview.m in Sources */ = {isa = PBXBuildFile; fileRef = 2CC7F78E29ABCE0E00761580 /* AIRGoogleMapCalloutSubview.m */; };
		2C15D10F2A0598BA00DB11FC /* AIRGoogleMapOverlay.m in Sources */ = {isa = PBXBuildFile; fileRef = 2CC7F77C29ABCE0E00761580 /* AIRGoogleMapOverlay.m */; };
		2C15D1102A0598BA00DB11FC /* AIRGoogleMapCallout.m in Sources */ = {isa = PBXBuildFile; fileRef = 2CC7F78429ABCE0E00761580 /* AIRGoogleMapCallout.m */; };
		2C15D1112A0598BA00DB11FC /* AIRGoogleMapPolylineManager.m in Sources */ = {isa = PBXBuildFile; fileRef = 2CC7F77E29ABCE0E00761580 /* AIRGoogleMapPolylineManager.m */; };
		2C15D1122A0598BA00DB11FC /* AIRDummyView.m in Sources */ = {isa = PBXBuildFile; fileRef = 2CC7F75929ABCE0E00761580 /* AIRDummyView.m */; };
		2C15D1132A0598BA00DB11FC /* AIRGoogleMapPolyline.m in Sources */ = {isa = PBXBuildFile; fileRef = 2CC7F77729ABCE0E00761580 /* AIRGoogleMapPolyline.m */; };
		2C15D1142A0598BA00DB11FC /* AIRGoogleMapManager.m in Sources */ = {isa = PBXBuildFile; fileRef = 2CC7F77F29ABCE0E00761580 /* AIRGoogleMapManager.m */; };
		2C15D1152A0598BA00DB11FC /* AIRGMSPolygon.m in Sources */ = {isa = PBXBuildFile; fileRef = 2CC7F76729ABCE0E00761580 /* AIRGMSPolygon.m */; };
		2C15D1162A0598BA00DB11FC /* AIRGoogleMapCircle.m in Sources */ = {isa = PBXBuildFile; fileRef = 2CC7F76A29ABCE0E00761580 /* AIRGoogleMapCircle.m */; };
		2C15D1172A0598BA00DB11FC /* AIRGoogleMap.m in Sources */ = {isa = PBXBuildFile; fileRef = 2CC7F78729ABCE0E00761580 /* AIRGoogleMap.m */; };
		2C15D1182A0598BA00DB11FC /* AIRGoogleMapPolygon.m in Sources */ = {isa = PBXBuildFile; fileRef = 2CC7F78C29ABCE0E00761580 /* AIRGoogleMapPolygon.m */; };
		2C15D1192A0598BA00DB11FC /* AIRGoogleMapCircleManager.m in Sources */ = {isa = PBXBuildFile; fileRef = 2CC7F77229ABCE0E00761580 /* AIRGoogleMapCircleManager.m */; };
		2C15D11A2A0598BA00DB11FC /* AIRGoogleMapWMSTileManager.m in Sources */ = {isa = PBXBuildFile; fileRef = 2CC7F76929ABCE0E00761580 /* AIRGoogleMapWMSTileManager.m */; };
		2C15D11B2A0598BA00DB11FC /* AIRGoogleMapCalloutManager.m in Sources */ = {isa = PBXBuildFile; fileRef = 2CC7F77429ABCE0E00761580 /* AIRGoogleMapCalloutManager.m */; };
		2C15D11C2A0598BA00DB11FC /* AIRGoogleMapWMSTile.m in Sources */ = {isa = PBXBuildFile; fileRef = 2CC7F77929ABCE0E00761580 /* AIRGoogleMapWMSTile.m */; };
		2C15D11D2A0598BA00DB11FC /* AppDelegate.mm in Sources */ = {isa = PBXBuildFile; fileRef = 13B07FB01A68108700A75B9A /* AppDelegate.mm */; };
		2C15D11E2A0598BA00DB11FC /* main.m in Sources */ = {isa = PBXBuildFile; fileRef = 13B07FB71A68108700A75B9A /* main.m */; };
		2C15D11F2A0598BA00DB11FC /* AIRGoogleMapHeatmapManager.m in Sources */ = {isa = PBXBuildFile; fileRef = 2CC7F77829ABCE0E00761580 /* AIRGoogleMapHeatmapManager.m */; };
		2C15D1212A0598BA00DB11FC /* libreact-native-maps.a in Frameworks */ = {isa = PBXBuildFile; fileRef = 2CC7F7AA29ABD36800761580 /* libreact-native-maps.a */; };
		2C15D1222A0598BA00DB11FC /* FBSDKCoreKit.xcframework in Frameworks */ = {isa = PBXBuildFile; fileRef = 2CC7F7472996E90000761580 /* FBSDKCoreKit.xcframework */; };
		2C15D1232A0598BA00DB11FC /* FBSDKCoreKit_Basics.xcframework in Frameworks */ = {isa = PBXBuildFile; fileRef = 2CC7F74E2996E94600761580 /* FBSDKCoreKit_Basics.xcframework */; };
		2C15D1242A0598BA00DB11FC /* FBSDKGamingServicesKit.xcframework in Frameworks */ = {isa = PBXBuildFile; fileRef = 2CC7F7512996E96D00761580 /* FBSDKGamingServicesKit.xcframework */; };
		2C15D1272A0598BA00DB11FC /* LaunchScreen.storyboard in Resources */ = {isa = PBXBuildFile; fileRef = 81AB9BB72411601600AC10FF /* LaunchScreen.storyboard */; };
		2C15D1282A0598BA00DB11FC /* Images.xcassets in Resources */ = {isa = PBXBuildFile; fileRef = 13B07FB51A68108700A75B9A /* Images.xcassets */; };
		2C15D1292A0598BA00DB11FC /* GoogleService-Info.plist in Resources */ = {isa = PBXBuildFile; fileRef = 2CC7F7542996F0D600761580 /* GoogleService-Info.plist */; };
		2C15D12C2A0598BA00DB11FC /* FBSDKCoreKit.xcframework in Embed Frameworks */ = {isa = PBXBuildFile; fileRef = 2CC7F7472996E90000761580 /* FBSDKCoreKit.xcframework */; settings = {ATTRIBUTES = (CodeSignOnCopy, RemoveHeadersOnCopy, ); }; };
		2C15D12D2A0598BA00DB11FC /* FBSDKGamingServicesKit.xcframework in Embed Frameworks */ = {isa = PBXBuildFile; fileRef = 2CC7F7512996E96D00761580 /* FBSDKGamingServicesKit.xcframework */; settings = {ATTRIBUTES = (CodeSignOnCopy, RemoveHeadersOnCopy, ); }; };
		2C15D12E2A0598BA00DB11FC /* FBSDKCoreKit_Basics.xcframework in Embed Frameworks */ = {isa = PBXBuildFile; fileRef = 2CC7F74E2996E94600761580 /* FBSDKCoreKit_Basics.xcframework */; settings = {ATTRIBUTES = (CodeSignOnCopy, RemoveHeadersOnCopy, ); }; };
		2CC7F74B2996E91600761580 /* FBSDKCoreKit.xcframework in Frameworks */ = {isa = PBXBuildFile; fileRef = 2CC7F7472996E90000761580 /* FBSDKCoreKit.xcframework */; };
		2CC7F74C2996E91600761580 /* FBSDKCoreKit.xcframework in Embed Frameworks */ = {isa = PBXBuildFile; fileRef = 2CC7F7472996E90000761580 /* FBSDKCoreKit.xcframework */; settings = {ATTRIBUTES = (CodeSignOnCopy, RemoveHeadersOnCopy, ); }; };
		2CC7F74F2996E94600761580 /* FBSDKCoreKit_Basics.xcframework in Frameworks */ = {isa = PBXBuildFile; fileRef = 2CC7F74E2996E94600761580 /* FBSDKCoreKit_Basics.xcframework */; };
		2CC7F7502996E94600761580 /* FBSDKCoreKit_Basics.xcframework in Embed Frameworks */ = {isa = PBXBuildFile; fileRef = 2CC7F74E2996E94600761580 /* FBSDKCoreKit_Basics.xcframework */; settings = {ATTRIBUTES = (CodeSignOnCopy, RemoveHeadersOnCopy, ); }; };
		2CC7F7552996F0D600761580 /* GoogleService-Info.plist in Resources */ = {isa = PBXBuildFile; fileRef = 2CC7F7542996F0D600761580 /* GoogleService-Info.plist */; };
		2CC7F7562997990D00761580 /* FBSDKGamingServicesKit.xcframework in Frameworks */ = {isa = PBXBuildFile; fileRef = 2CC7F7512996E96D00761580 /* FBSDKGamingServicesKit.xcframework */; };
		2CC7F7572997990D00761580 /* FBSDKGamingServicesKit.xcframework in Embed Frameworks */ = {isa = PBXBuildFile; fileRef = 2CC7F7512996E96D00761580 /* FBSDKGamingServicesKit.xcframework */; settings = {ATTRIBUTES = (CodeSignOnCopy, RemoveHeadersOnCopy, ); }; };
		2CC7F78F29ABCE0E00761580 /* AIRDummyView.m in Sources */ = {isa = PBXBuildFile; fileRef = 2CC7F75929ABCE0E00761580 /* AIRDummyView.m */; };
		2CC7F79029ABCE0E00761580 /* AIRGoogleMapUrlTile.m in Sources */ = {isa = PBXBuildFile; fileRef = 2CC7F75D29ABCE0E00761580 /* AIRGoogleMapUrlTile.m */; };
		2CC7F79129ABCE0E00761580 /* AIRGoogleMapPolygonManager.m in Sources */ = {isa = PBXBuildFile; fileRef = 2CC7F76029ABCE0E00761580 /* AIRGoogleMapPolygonManager.m */; };
		2CC7F79229ABCE0E00761580 /* AIRGoogleMapMarker.m in Sources */ = {isa = PBXBuildFile; fileRef = 2CC7F76329ABCE0E00761580 /* AIRGoogleMapMarker.m */; };
		2CC7F79329ABCE0E00761580 /* AIRGMSPolygon.m in Sources */ = {isa = PBXBuildFile; fileRef = 2CC7F76729ABCE0E00761580 /* AIRGMSPolygon.m */; };
		2CC7F79429ABCE0E00761580 /* AIRGoogleMapURLTileManager.m in Sources */ = {isa = PBXBuildFile; fileRef = 2CC7F76829ABCE0E00761580 /* AIRGoogleMapURLTileManager.m */; };
		2CC7F79529ABCE0E00761580 /* AIRGoogleMapWMSTileManager.m in Sources */ = {isa = PBXBuildFile; fileRef = 2CC7F76929ABCE0E00761580 /* AIRGoogleMapWMSTileManager.m */; };
		2CC7F79629ABCE0E00761580 /* AIRGoogleMapCircle.m in Sources */ = {isa = PBXBuildFile; fileRef = 2CC7F76A29ABCE0E00761580 /* AIRGoogleMapCircle.m */; };
		2CC7F79729ABCE0E00761580 /* AIRGoogleMapCircleManager.m in Sources */ = {isa = PBXBuildFile; fileRef = 2CC7F77229ABCE0E00761580 /* AIRGoogleMapCircleManager.m */; };
		2CC7F79829ABCE0E00761580 /* AIRGoogleMapCalloutManager.m in Sources */ = {isa = PBXBuildFile; fileRef = 2CC7F77429ABCE0E00761580 /* AIRGoogleMapCalloutManager.m */; };
		2CC7F79929ABCE0E00761580 /* AIRGoogleMapMarkerManager.m in Sources */ = {isa = PBXBuildFile; fileRef = 2CC7F77529ABCE0E00761580 /* AIRGoogleMapMarkerManager.m */; };
		2CC7F79A29ABCE0E00761580 /* AIRGoogleMapPolyline.m in Sources */ = {isa = PBXBuildFile; fileRef = 2CC7F77729ABCE0E00761580 /* AIRGoogleMapPolyline.m */; };
		2CC7F79B29ABCE0E00761580 /* AIRGoogleMapHeatmapManager.m in Sources */ = {isa = PBXBuildFile; fileRef = 2CC7F77829ABCE0E00761580 /* AIRGoogleMapHeatmapManager.m */; };
		2CC7F79C29ABCE0E00761580 /* AIRGoogleMapWMSTile.m in Sources */ = {isa = PBXBuildFile; fileRef = 2CC7F77929ABCE0E00761580 /* AIRGoogleMapWMSTile.m */; };
		2CC7F79D29ABCE0E00761580 /* AIRGoogleMapOverlay.m in Sources */ = {isa = PBXBuildFile; fileRef = 2CC7F77C29ABCE0E00761580 /* AIRGoogleMapOverlay.m */; };
		2CC7F79E29ABCE0E00761580 /* AIRGMSPolyline.m in Sources */ = {isa = PBXBuildFile; fileRef = 2CC7F77D29ABCE0E00761580 /* AIRGMSPolyline.m */; };
		2CC7F79F29ABCE0E00761580 /* AIRGoogleMapPolylineManager.m in Sources */ = {isa = PBXBuildFile; fileRef = 2CC7F77E29ABCE0E00761580 /* AIRGoogleMapPolylineManager.m */; };
		2CC7F7A029ABCE0E00761580 /* AIRGoogleMapManager.m in Sources */ = {isa = PBXBuildFile; fileRef = 2CC7F77F29ABCE0E00761580 /* AIRGoogleMapManager.m */; };
		2CC7F7A129ABCE0E00761580 /* RCTConvert+GMSMapViewType.m in Sources */ = {isa = PBXBuildFile; fileRef = 2CC7F78229ABCE0E00761580 /* RCTConvert+GMSMapViewType.m */; };
		2CC7F7A229ABCE0E00761580 /* AIRGoogleMapCalloutSubviewManager.m in Sources */ = {isa = PBXBuildFile; fileRef = 2CC7F78329ABCE0E00761580 /* AIRGoogleMapCalloutSubviewManager.m */; };
		2CC7F7A329ABCE0E00761580 /* AIRGoogleMapCallout.m in Sources */ = {isa = PBXBuildFile; fileRef = 2CC7F78429ABCE0E00761580 /* AIRGoogleMapCallout.m */; };
		2CC7F7A429ABCE0E00761580 /* AIRGoogleMapOverlayManager.m in Sources */ = {isa = PBXBuildFile; fileRef = 2CC7F78529ABCE0E00761580 /* AIRGoogleMapOverlayManager.m */; };
		2CC7F7A529ABCE0E00761580 /* AIRGoogleMapHeatmap.m in Sources */ = {isa = PBXBuildFile; fileRef = 2CC7F78629ABCE0E00761580 /* AIRGoogleMapHeatmap.m */; };
		2CC7F7A629ABCE0E00761580 /* AIRGoogleMap.m in Sources */ = {isa = PBXBuildFile; fileRef = 2CC7F78729ABCE0E00761580 /* AIRGoogleMap.m */; };
		2CC7F7A729ABCE0E00761580 /* AIRGoogleMapPolygon.m in Sources */ = {isa = PBXBuildFile; fileRef = 2CC7F78C29ABCE0E00761580 /* AIRGoogleMapPolygon.m */; };
		2CC7F7A829ABCE0E00761580 /* AIRGMSMarker.m in Sources */ = {isa = PBXBuildFile; fileRef = 2CC7F78D29ABCE0E00761580 /* AIRGMSMarker.m */; };
		2CC7F7A929ABCE0E00761580 /* AIRGoogleMapCalloutSubview.m in Sources */ = {isa = PBXBuildFile; fileRef = 2CC7F78E29ABCE0E00761580 /* AIRGoogleMapCalloutSubview.m */; };
		2CC7F7AB29ABD36800761580 /* libreact-native-maps.a in Frameworks */ = {isa = PBXBuildFile; fileRef = 2CC7F7AA29ABD36800761580 /* libreact-native-maps.a */; };
		734FC7B6710C9EB6ECC04D6A /* libPods-WedPlanCommonPods-WedPlanTests.a in Frameworks */ = {isa = PBXBuildFile; fileRef = 807FDA542B67284584880BB3 /* libPods-WedPlanCommonPods-WedPlanTests.a */; };
		81AB9BB82411601600AC10FF /* LaunchScreen.storyboard in Resources */ = {isa = PBXBuildFile; fileRef = 81AB9BB72411601600AC10FF /* LaunchScreen.storyboard */; };
		E1DBF89CA6296B2821A27DAB /* libPods-WedPlanCommonPods-WedPlan-prod.a in Frameworks */ = {isa = PBXBuildFile; fileRef = 6EF8362669F7492EB30E5A40 /* libPods-WedPlanCommonPods-WedPlan-prod.a */; };
/* End PBXBuildFile section */

/* Begin PBXContainerItemProxy section */
		00E356F41AD99517003FC87E /* PBXContainerItemProxy */ = {
			isa = PBXContainerItemProxy;
			containerPortal = 83CBB9F71A601CBA00E9B192 /* Project object */;
			proxyType = 1;
			remoteGlobalIDString = 13B07F861A680F5B00A75B9A;
			remoteInfo = WedPlan;
		};
/* End PBXContainerItemProxy section */

/* Begin PBXCopyFilesBuildPhase section */
		2C15D12B2A0598BA00DB11FC /* Embed Frameworks */ = {
			isa = PBXCopyFilesBuildPhase;
			buildActionMask = 2147483647;
			dstPath = "";
			dstSubfolderSpec = 10;
			files = (
				2C15D12C2A0598BA00DB11FC /* FBSDKCoreKit.xcframework in Embed Frameworks */,
				2C15D12D2A0598BA00DB11FC /* FBSDKGamingServicesKit.xcframework in Embed Frameworks */,
				2C15D12E2A0598BA00DB11FC /* FBSDKCoreKit_Basics.xcframework in Embed Frameworks */,
			);
			name = "Embed Frameworks";
			runOnlyForDeploymentPostprocessing = 0;
		};
		2CC7F74D2996E91600761580 /* Embed Frameworks */ = {
			isa = PBXCopyFilesBuildPhase;
			buildActionMask = 2147483647;
			dstPath = "";
			dstSubfolderSpec = 10;
			files = (
				2CC7F74C2996E91600761580 /* FBSDKCoreKit.xcframework in Embed Frameworks */,
				2CC7F7572997990D00761580 /* FBSDKGamingServicesKit.xcframework in Embed Frameworks */,
				2CC7F7502996E94600761580 /* FBSDKCoreKit_Basics.xcframework in Embed Frameworks */,
			);
			name = "Embed Frameworks";
			runOnlyForDeploymentPostprocessing = 0;
		};
/* End PBXCopyFilesBuildPhase section */

/* Begin PBXFileReference section */
		00E356EE1AD99517003FC87E /* WedPlanTests.xctest */ = {isa = PBXFileReference; explicitFileType = wrapper.cfbundle; includeInIndex = 0; path = WedPlanTests.xctest; sourceTree = BUILT_PRODUCTS_DIR; };
		00E356F11AD99517003FC87E /* Info.plist */ = {isa = PBXFileReference; lastKnownFileType = text.plist.xml; path = Info.plist; sourceTree = "<group>"; };
		00E356F21AD99517003FC87E /* WedPlanTests.m */ = {isa = PBXFileReference; lastKnownFileType = sourcecode.c.objc; path = WedPlanTests.m; sourceTree = "<group>"; };
		13B07F961A680F5B00A75B9A /* WedPlan.app */ = {isa = PBXFileReference; explicitFileType = wrapper.application; includeInIndex = 0; path = WedPlan.app; sourceTree = BUILT_PRODUCTS_DIR; };
		13B07FAF1A68108700A75B9A /* AppDelegate.h */ = {isa = PBXFileReference; fileEncoding = 4; lastKnownFileType = sourcecode.c.h; name = AppDelegate.h; path = WedPlan/AppDelegate.h; sourceTree = "<group>"; };
		13B07FB01A68108700A75B9A /* AppDelegate.mm */ = {isa = PBXFileReference; fileEncoding = 4; lastKnownFileType = sourcecode.cpp.objcpp; name = AppDelegate.mm; path = WedPlan/AppDelegate.mm; sourceTree = "<group>"; };
		13B07FB51A68108700A75B9A /* Images.xcassets */ = {isa = PBXFileReference; lastKnownFileType = folder.assetcatalog; name = Images.xcassets; path = WedPlan/Images.xcassets; sourceTree = "<group>"; };
		13B07FB61A68108700A75B9A /* Info.plist */ = {isa = PBXFileReference; fileEncoding = 4; lastKnownFileType = text.plist.xml; name = Info.plist; path = WedPlan/Info.plist; sourceTree = "<group>"; };
		13B07FB71A68108700A75B9A /* main.m */ = {isa = PBXFileReference; fileEncoding = 4; lastKnownFileType = sourcecode.c.objc; name = main.m; path = WedPlan/main.m; sourceTree = "<group>"; };
		2B9C567113DB7FA3C8424415 /* Pods-WedPlanCommonPods-WedPlan.release.xcconfig */ = {isa = PBXFileReference; includeInIndex = 1; lastKnownFileType = text.xcconfig; name = "Pods-WedPlanCommonPods-WedPlan.release.xcconfig"; path = "Target Support Files/Pods-WedPlanCommonPods-WedPlan/Pods-WedPlanCommonPods-WedPlan.release.xcconfig"; sourceTree = "<group>"; };
		2C15D1352A0598BA00DB11FC /* WedPlan-prod.app */ = {isa = PBXFileReference; explicitFileType = wrapper.application; includeInIndex = 0; path = "WedPlan-prod.app"; sourceTree = BUILT_PRODUCTS_DIR; };
		2C15D1362A0598BA00DB11FC /* WedPlan prod-Info.plist */ = {isa = PBXFileReference; lastKnownFileType = text.plist.xml; name = "WedPlan prod-Info.plist"; path = "/Users/lukaszbernatowicz/IdeaProjects/WedPlan/ios/WedPlan prod-Info.plist"; sourceTree = "<absolute>"; };
		2CC7F73D2996E82C00761580 /* FBAEMKit.xcframework */ = {isa = PBXFileReference; lastKnownFileType = wrapper.xcframework; name = FBAEMKit.xcframework; path = Pods/FBAEMKit/XCFrameworks/FBAEMKit.xcframework; sourceTree = "<group>"; };
		2CC7F7412996E83100761580 /* libFirebaseAuth.a */ = {isa = PBXFileReference; explicitFileType = archive.ar; path = libFirebaseAuth.a; sourceTree = BUILT_PRODUCTS_DIR; };
		2CC7F7432996E83800761580 /* glog.xcframework */ = {isa = PBXFileReference; lastKnownFileType = wrapper.xcframework; name = glog.xcframework; path = "Pods/Flipper-Glog/Frameworks/glog.xcframework"; sourceTree = "<group>"; };
		2CC7F7472996E90000761580 /* FBSDKCoreKit.xcframework */ = {isa = PBXFileReference; lastKnownFileType = wrapper.xcframework; name = FBSDKCoreKit.xcframework; path = Pods/FBSDKCoreKit/XCFrameworks/FBSDKCoreKit.xcframework; sourceTree = "<group>"; };
		2CC7F74E2996E94600761580 /* FBSDKCoreKit_Basics.xcframework */ = {isa = PBXFileReference; lastKnownFileType = wrapper.xcframework; name = FBSDKCoreKit_Basics.xcframework; path = Pods/FBSDKCoreKit_Basics/XCFrameworks/FBSDKCoreKit_Basics.xcframework; sourceTree = "<group>"; };
		2CC7F7512996E96D00761580 /* FBSDKGamingServicesKit.xcframework */ = {isa = PBXFileReference; lastKnownFileType = wrapper.xcframework; name = FBSDKGamingServicesKit.xcframework; path = Pods/FBSDKGamingServicesKit/XCFrameworks/FBSDKGamingServicesKit.xcframework; sourceTree = "<group>"; };
		2CC7F7542996F0D600761580 /* GoogleService-Info.plist */ = {isa = PBXFileReference; fileEncoding = 4; lastKnownFileType = text.plist.xml; name = "GoogleService-Info.plist"; path = "../../../Desktop/GoogleService-Info.plist"; sourceTree = "<group>"; };
		2CC7F75929ABCE0E00761580 /* AIRDummyView.m */ = {isa = PBXFileReference; fileEncoding = 4; lastKnownFileType = sourcecode.c.objc; path = AIRDummyView.m; sourceTree = "<group>"; };
		2CC7F75A29ABCE0E00761580 /* AIRGoogleMapWMSTile.h */ = {isa = PBXFileReference; fileEncoding = 4; lastKnownFileType = sourcecode.c.h; path = AIRGoogleMapWMSTile.h; sourceTree = "<group>"; };
		2CC7F75B29ABCE0E00761580 /* AIRGoogleMapPolyline.h */ = {isa = PBXFileReference; fileEncoding = 4; lastKnownFileType = sourcecode.c.h; path = AIRGoogleMapPolyline.h; sourceTree = "<group>"; };
		2CC7F75C29ABCE0E00761580 /* AIRGoogleMapHeatmapManager.h */ = {isa = PBXFileReference; fileEncoding = 4; lastKnownFileType = sourcecode.c.h; path = AIRGoogleMapHeatmapManager.h; sourceTree = "<group>"; };
		2CC7F75D29ABCE0E00761580 /* AIRGoogleMapUrlTile.m */ = {isa = PBXFileReference; fileEncoding = 4; lastKnownFileType = sourcecode.c.objc; path = AIRGoogleMapUrlTile.m; sourceTree = "<group>"; };
		2CC7F75E29ABCE0E00761580 /* AIRGoogleMapMarkerManager.h */ = {isa = PBXFileReference; fileEncoding = 4; lastKnownFileType = sourcecode.c.h; path = AIRGoogleMapMarkerManager.h; sourceTree = "<group>"; };
		2CC7F75F29ABCE0E00761580 /* AIRGoogleMapCalloutManager.h */ = {isa = PBXFileReference; fileEncoding = 4; lastKnownFileType = sourcecode.c.h; path = AIRGoogleMapCalloutManager.h; sourceTree = "<group>"; };
		2CC7F76029ABCE0E00761580 /* AIRGoogleMapPolygonManager.m */ = {isa = PBXFileReference; fileEncoding = 4; lastKnownFileType = sourcecode.c.objc; path = AIRGoogleMapPolygonManager.m; sourceTree = "<group>"; };
		2CC7F76129ABCE0E00761580 /* RCTConvert+GMSMapViewType.h */ = {isa = PBXFileReference; fileEncoding = 4; lastKnownFileType = sourcecode.c.h; path = "RCTConvert+GMSMapViewType.h"; sourceTree = "<group>"; };
		2CC7F76229ABCE0E00761580 /* AIRGoogleMapManager.h */ = {isa = PBXFileReference; fileEncoding = 4; lastKnownFileType = sourcecode.c.h; path = AIRGoogleMapManager.h; sourceTree = "<group>"; };
		2CC7F76329ABCE0E00761580 /* AIRGoogleMapMarker.m */ = {isa = PBXFileReference; fileEncoding = 4; lastKnownFileType = sourcecode.c.objc; path = AIRGoogleMapMarker.m; sourceTree = "<group>"; };
		2CC7F76429ABCE0E00761580 /* AIRGMSPolyline.h */ = {isa = PBXFileReference; fileEncoding = 4; lastKnownFileType = sourcecode.c.h; path = AIRGMSPolyline.h; sourceTree = "<group>"; };
		2CC7F76529ABCE0E00761580 /* AIRGoogleMapPolylineManager.h */ = {isa = PBXFileReference; fileEncoding = 4; lastKnownFileType = sourcecode.c.h; path = AIRGoogleMapPolylineManager.h; sourceTree = "<group>"; };
		2CC7F76629ABCE0E00761580 /* AIRGoogleMapOverlay.h */ = {isa = PBXFileReference; fileEncoding = 4; lastKnownFileType = sourcecode.c.h; path = AIRGoogleMapOverlay.h; sourceTree = "<group>"; };
		2CC7F76729ABCE0E00761580 /* AIRGMSPolygon.m */ = {isa = PBXFileReference; fileEncoding = 4; lastKnownFileType = sourcecode.c.objc; path = AIRGMSPolygon.m; sourceTree = "<group>"; };
		2CC7F76829ABCE0E00761580 /* AIRGoogleMapURLTileManager.m */ = {isa = PBXFileReference; fileEncoding = 4; lastKnownFileType = sourcecode.c.objc; path = AIRGoogleMapURLTileManager.m; sourceTree = "<group>"; };
		2CC7F76929ABCE0E00761580 /* AIRGoogleMapWMSTileManager.m */ = {isa = PBXFileReference; fileEncoding = 4; lastKnownFileType = sourcecode.c.objc; path = AIRGoogleMapWMSTileManager.m; sourceTree = "<group>"; };
		2CC7F76A29ABCE0E00761580 /* AIRGoogleMapCircle.m */ = {isa = PBXFileReference; fileEncoding = 4; lastKnownFileType = sourcecode.c.objc; path = AIRGoogleMapCircle.m; sourceTree = "<group>"; };
		2CC7F76B29ABCE0E00761580 /* AIRGoogleMap.h */ = {isa = PBXFileReference; fileEncoding = 4; lastKnownFileType = sourcecode.c.h; path = AIRGoogleMap.h; sourceTree = "<group>"; };
		2CC7F76C29ABCE0E00761580 /* AIRGoogleMapHeatmap.h */ = {isa = PBXFileReference; fileEncoding = 4; lastKnownFileType = sourcecode.c.h; path = AIRGoogleMapHeatmap.h; sourceTree = "<group>"; };
		2CC7F76D29ABCE0E00761580 /* AIRGoogleMapOverlayManager.h */ = {isa = PBXFileReference; fileEncoding = 4; lastKnownFileType = sourcecode.c.h; path = AIRGoogleMapOverlayManager.h; sourceTree = "<group>"; };
		2CC7F76E29ABCE0E00761580 /* AIRGoogleMapCallout.h */ = {isa = PBXFileReference; fileEncoding = 4; lastKnownFileType = sourcecode.c.h; path = AIRGoogleMapCallout.h; sourceTree = "<group>"; };
		2CC7F76F29ABCE0E00761580 /* AIRGoogleMapCalloutSubviewManager.h */ = {isa = PBXFileReference; fileEncoding = 4; lastKnownFileType = sourcecode.c.h; path = AIRGoogleMapCalloutSubviewManager.h; sourceTree = "<group>"; };
		2CC7F77029ABCE0E00761580 /* AIRGoogleMapCalloutSubview.h */ = {isa = PBXFileReference; fileEncoding = 4; lastKnownFileType = sourcecode.c.h; path = AIRGoogleMapCalloutSubview.h; sourceTree = "<group>"; };
		2CC7F77129ABCE0E00761580 /* AIRGMSMarker.h */ = {isa = PBXFileReference; fileEncoding = 4; lastKnownFileType = sourcecode.c.h; path = AIRGMSMarker.h; sourceTree = "<group>"; };
		2CC7F77229ABCE0E00761580 /* AIRGoogleMapCircleManager.m */ = {isa = PBXFileReference; fileEncoding = 4; lastKnownFileType = sourcecode.c.objc; path = AIRGoogleMapCircleManager.m; sourceTree = "<group>"; };
		2CC7F77329ABCE0E00761580 /* AIRGoogleMapPolygon.h */ = {isa = PBXFileReference; fileEncoding = 4; lastKnownFileType = sourcecode.c.h; path = AIRGoogleMapPolygon.h; sourceTree = "<group>"; };
		2CC7F77429ABCE0E00761580 /* AIRGoogleMapCalloutManager.m */ = {isa = PBXFileReference; fileEncoding = 4; lastKnownFileType = sourcecode.c.objc; path = AIRGoogleMapCalloutManager.m; sourceTree = "<group>"; };
		2CC7F77529ABCE0E00761580 /* AIRGoogleMapMarkerManager.m */ = {isa = PBXFileReference; fileEncoding = 4; lastKnownFileType = sourcecode.c.objc; path = AIRGoogleMapMarkerManager.m; sourceTree = "<group>"; };
		2CC7F77629ABCE0E00761580 /* AIRGoogleMapUrlTile.h */ = {isa = PBXFileReference; fileEncoding = 4; lastKnownFileType = sourcecode.c.h; path = AIRGoogleMapUrlTile.h; sourceTree = "<group>"; };
		2CC7F77729ABCE0E00761580 /* AIRGoogleMapPolyline.m */ = {isa = PBXFileReference; fileEncoding = 4; lastKnownFileType = sourcecode.c.objc; path = AIRGoogleMapPolyline.m; sourceTree = "<group>"; };
		2CC7F77829ABCE0E00761580 /* AIRGoogleMapHeatmapManager.m */ = {isa = PBXFileReference; fileEncoding = 4; lastKnownFileType = sourcecode.c.objc; path = AIRGoogleMapHeatmapManager.m; sourceTree = "<group>"; };
		2CC7F77929ABCE0E00761580 /* AIRGoogleMapWMSTile.m */ = {isa = PBXFileReference; fileEncoding = 4; lastKnownFileType = sourcecode.c.objc; path = AIRGoogleMapWMSTile.m; sourceTree = "<group>"; };
		2CC7F77A29ABCE0E00761580 /* AIRDummyView.h */ = {isa = PBXFileReference; fileEncoding = 4; lastKnownFileType = sourcecode.c.h; path = AIRDummyView.h; sourceTree = "<group>"; };
		2CC7F77B29ABCE0E00761580 /* AIRGMSPolygon.h */ = {isa = PBXFileReference; fileEncoding = 4; lastKnownFileType = sourcecode.c.h; path = AIRGMSPolygon.h; sourceTree = "<group>"; };
		2CC7F77C29ABCE0E00761580 /* AIRGoogleMapOverlay.m */ = {isa = PBXFileReference; fileEncoding = 4; lastKnownFileType = sourcecode.c.objc; path = AIRGoogleMapOverlay.m; sourceTree = "<group>"; };
		2CC7F77D29ABCE0E00761580 /* AIRGMSPolyline.m */ = {isa = PBXFileReference; fileEncoding = 4; lastKnownFileType = sourcecode.c.objc; path = AIRGMSPolyline.m; sourceTree = "<group>"; };
		2CC7F77E29ABCE0E00761580 /* AIRGoogleMapPolylineManager.m */ = {isa = PBXFileReference; fileEncoding = 4; lastKnownFileType = sourcecode.c.objc; path = AIRGoogleMapPolylineManager.m; sourceTree = "<group>"; };
		2CC7F77F29ABCE0E00761580 /* AIRGoogleMapManager.m */ = {isa = PBXFileReference; fileEncoding = 4; lastKnownFileType = sourcecode.c.objc; path = AIRGoogleMapManager.m; sourceTree = "<group>"; };
		2CC7F78029ABCE0E00761580 /* AIRGoogleMapMarker.h */ = {isa = PBXFileReference; fileEncoding = 4; lastKnownFileType = sourcecode.c.h; path = AIRGoogleMapMarker.h; sourceTree = "<group>"; };
		2CC7F78129ABCE0E00761580 /* AIRGoogleMapPolygonManager.h */ = {isa = PBXFileReference; fileEncoding = 4; lastKnownFileType = sourcecode.c.h; path = AIRGoogleMapPolygonManager.h; sourceTree = "<group>"; };
		2CC7F78229ABCE0E00761580 /* RCTConvert+GMSMapViewType.m */ = {isa = PBXFileReference; fileEncoding = 4; lastKnownFileType = sourcecode.c.objc; path = "RCTConvert+GMSMapViewType.m"; sourceTree = "<group>"; };
		2CC7F78329ABCE0E00761580 /* AIRGoogleMapCalloutSubviewManager.m */ = {isa = PBXFileReference; fileEncoding = 4; lastKnownFileType = sourcecode.c.objc; path = AIRGoogleMapCalloutSubviewManager.m; sourceTree = "<group>"; };
		2CC7F78429ABCE0E00761580 /* AIRGoogleMapCallout.m */ = {isa = PBXFileReference; fileEncoding = 4; lastKnownFileType = sourcecode.c.objc; path = AIRGoogleMapCallout.m; sourceTree = "<group>"; };
		2CC7F78529ABCE0E00761580 /* AIRGoogleMapOverlayManager.m */ = {isa = PBXFileReference; fileEncoding = 4; lastKnownFileType = sourcecode.c.objc; path = AIRGoogleMapOverlayManager.m; sourceTree = "<group>"; };
		2CC7F78629ABCE0E00761580 /* AIRGoogleMapHeatmap.m */ = {isa = PBXFileReference; fileEncoding = 4; lastKnownFileType = sourcecode.c.objc; path = AIRGoogleMapHeatmap.m; sourceTree = "<group>"; };
		2CC7F78729ABCE0E00761580 /* AIRGoogleMap.m */ = {isa = PBXFileReference; fileEncoding = 4; lastKnownFileType = sourcecode.c.objc; path = AIRGoogleMap.m; sourceTree = "<group>"; };
		2CC7F78829ABCE0E00761580 /* AIRGoogleMapCircle.h */ = {isa = PBXFileReference; fileEncoding = 4; lastKnownFileType = sourcecode.c.h; path = AIRGoogleMapCircle.h; sourceTree = "<group>"; };
		2CC7F78929ABCE0E00761580 /* AIRGoogleMapWMSTileManager.h */ = {isa = PBXFileReference; fileEncoding = 4; lastKnownFileType = sourcecode.c.h; path = AIRGoogleMapWMSTileManager.h; sourceTree = "<group>"; };
		2CC7F78A29ABCE0E00761580 /* AIRGoogleMapUrlTileManager.h */ = {isa = PBXFileReference; fileEncoding = 4; lastKnownFileType = sourcecode.c.h; path = AIRGoogleMapUrlTileManager.h; sourceTree = "<group>"; };
		2CC7F78B29ABCE0E00761580 /* AIRGoogleMapCircleManager.h */ = {isa = PBXFileReference; fileEncoding = 4; lastKnownFileType = sourcecode.c.h; path = AIRGoogleMapCircleManager.h; sourceTree = "<group>"; };
		2CC7F78C29ABCE0E00761580 /* AIRGoogleMapPolygon.m */ = {isa = PBXFileReference; fileEncoding = 4; lastKnownFileType = sourcecode.c.objc; path = AIRGoogleMapPolygon.m; sourceTree = "<group>"; };
		2CC7F78D29ABCE0E00761580 /* AIRGMSMarker.m */ = {isa = PBXFileReference; fileEncoding = 4; lastKnownFileType = sourcecode.c.objc; path = AIRGMSMarker.m; sourceTree = "<group>"; };
		2CC7F78E29ABCE0E00761580 /* AIRGoogleMapCalloutSubview.m */ = {isa = PBXFileReference; fileEncoding = 4; lastKnownFileType = sourcecode.c.objc; path = AIRGoogleMapCalloutSubview.m; sourceTree = "<group>"; };
		2CC7F7AA29ABD36800761580 /* libreact-native-maps.a */ = {isa = PBXFileReference; explicitFileType = archive.ar; path = "libreact-native-maps.a"; sourceTree = BUILT_PRODUCTS_DIR; };
		2CC7F7AC29AD58AA00761580 /* hermes.xcframework */ = {isa = PBXFileReference; lastKnownFileType = wrapper.xcframework; name = hermes.xcframework; path = "Pods/hermes-engine/destroot/Library/Frameworks/universal/hermes.xcframework"; sourceTree = "<group>"; };
		2CF1797A29B7BA210076D7BE /* Config.xcconfig */ = {isa = PBXFileReference; lastKnownFileType = text.xcconfig; path = Config.xcconfig; sourceTree = "<group>"; };
		3FDC4A08697F1710EC37D96F /* Pods-WedPlanCommonPods-WedPlanTests.release.xcconfig */ = {isa = PBXFileReference; includeInIndex = 1; lastKnownFileType = text.xcconfig; name = "Pods-WedPlanCommonPods-WedPlanTests.release.xcconfig"; path = "Target Support Files/Pods-WedPlanCommonPods-WedPlanTests/Pods-WedPlanCommonPods-WedPlanTests.release.xcconfig"; sourceTree = "<group>"; };
		69FCB9187D7F1480D7055069 /* Pods-WedPlan-WedPlanTests.release.xcconfig */ = {isa = PBXFileReference; includeInIndex = 1; lastKnownFileType = text.xcconfig; name = "Pods-WedPlan-WedPlanTests.release.xcconfig"; path = "Target Support Files/Pods-WedPlan-WedPlanTests/Pods-WedPlan-WedPlanTests.release.xcconfig"; sourceTree = "<group>"; };
		6EF8362669F7492EB30E5A40 /* libPods-WedPlanCommonPods-WedPlan-prod.a */ = {isa = PBXFileReference; explicitFileType = archive.ar; includeInIndex = 0; path = "libPods-WedPlanCommonPods-WedPlan-prod.a"; sourceTree = BUILT_PRODUCTS_DIR; };
		807FDA542B67284584880BB3 /* libPods-WedPlanCommonPods-WedPlanTests.a */ = {isa = PBXFileReference; explicitFileType = archive.ar; includeInIndex = 0; path = "libPods-WedPlanCommonPods-WedPlanTests.a"; sourceTree = BUILT_PRODUCTS_DIR; };
		815328D62D832EED1A48BDCB /* Pods-WedPlanCommonPods-WedPlan.debug.xcconfig */ = {isa = PBXFileReference; includeInIndex = 1; lastKnownFileType = text.xcconfig; name = "Pods-WedPlanCommonPods-WedPlan.debug.xcconfig"; path = "Target Support Files/Pods-WedPlanCommonPods-WedPlan/Pods-WedPlanCommonPods-WedPlan.debug.xcconfig"; sourceTree = "<group>"; };
		81AB9BB72411601600AC10FF /* LaunchScreen.storyboard */ = {isa = PBXFileReference; fileEncoding = 4; lastKnownFileType = file.storyboard; name = LaunchScreen.storyboard; path = WedPlan/LaunchScreen.storyboard; sourceTree = "<group>"; };
		8DADF69322FA018AF0295F0A /* Pods-WedPlanCommonPods-WedPlanTests.debug.xcconfig */ = {isa = PBXFileReference; includeInIndex = 1; lastKnownFileType = text.xcconfig; name = "Pods-WedPlanCommonPods-WedPlanTests.debug.xcconfig"; path = "Target Support Files/Pods-WedPlanCommonPods-WedPlanTests/Pods-WedPlanCommonPods-WedPlanTests.debug.xcconfig"; sourceTree = "<group>"; };
		93F5C242DDDDB03E417A9E8F /* Pods-WedPlan.debug.xcconfig */ = {isa = PBXFileReference; includeInIndex = 1; lastKnownFileType = text.xcconfig; name = "Pods-WedPlan.debug.xcconfig"; path = "Target Support Files/Pods-WedPlan/Pods-WedPlan.debug.xcconfig"; sourceTree = "<group>"; };
		9CCDE33FE2FF6E5568D80566 /* Pods-WedPlanCommonPods-WedPlan-prod.release.xcconfig */ = {isa = PBXFileReference; includeInIndex = 1; lastKnownFileType = text.xcconfig; name = "Pods-WedPlanCommonPods-WedPlan-prod.release.xcconfig"; path = "Target Support Files/Pods-WedPlanCommonPods-WedPlan-prod/Pods-WedPlanCommonPods-WedPlan-prod.release.xcconfig"; sourceTree = "<group>"; };
		A2D861C1F0C5297F992B1867 /* Pods-WedPlanCommonPods-WedPlan-prod.debug.xcconfig */ = {isa = PBXFileReference; includeInIndex = 1; lastKnownFileType = text.xcconfig; name = "Pods-WedPlanCommonPods-WedPlan-prod.debug.xcconfig"; path = "Target Support Files/Pods-WedPlanCommonPods-WedPlan-prod/Pods-WedPlanCommonPods-WedPlan-prod.debug.xcconfig"; sourceTree = "<group>"; };
		A76D00073DEF88A98930E58C /* Pods-WedPlan.release.xcconfig */ = {isa = PBXFileReference; includeInIndex = 1; lastKnownFileType = text.xcconfig; name = "Pods-WedPlan.release.xcconfig"; path = "Target Support Files/Pods-WedPlan/Pods-WedPlan.release.xcconfig"; sourceTree = "<group>"; };
		D0C35E81CD54AC9FC54570CA /* libPods-WedPlanCommonPods-WedPlan.a */ = {isa = PBXFileReference; explicitFileType = archive.ar; includeInIndex = 0; path = "libPods-WedPlanCommonPods-WedPlan.a"; sourceTree = BUILT_PRODUCTS_DIR; };
		D1173D5F5DF3675E1586C2E1 /* Pods-WedPlan-WedPlanTests.debug.xcconfig */ = {isa = PBXFileReference; includeInIndex = 1; lastKnownFileType = text.xcconfig; name = "Pods-WedPlan-WedPlanTests.debug.xcconfig"; path = "Target Support Files/Pods-WedPlan-WedPlanTests/Pods-WedPlan-WedPlanTests.debug.xcconfig"; sourceTree = "<group>"; };
		ED297162215061F000B7C4FE /* JavaScriptCore.framework */ = {isa = PBXFileReference; lastKnownFileType = wrapper.framework; name = JavaScriptCore.framework; path = System/Library/Frameworks/JavaScriptCore.framework; sourceTree = SDKROOT; };
/* End PBXFileReference section */

/* Begin PBXFrameworksBuildPhase section */
		00E356EB1AD99517003FC87E /* Frameworks */ = {
			isa = PBXFrameworksBuildPhase;
			buildActionMask = 2147483647;
			files = (
				734FC7B6710C9EB6ECC04D6A /* libPods-WedPlanCommonPods-WedPlanTests.a in Frameworks */,
			);
			runOnlyForDeploymentPostprocessing = 0;
		};
		13B07F8C1A680F5B00A75B9A /* Frameworks */ = {
			isa = PBXFrameworksBuildPhase;
			buildActionMask = 2147483647;
			files = (
				2CC7F7AB29ABD36800761580 /* libreact-native-maps.a in Frameworks */,
				2CC7F74B2996E91600761580 /* FBSDKCoreKit.xcframework in Frameworks */,
				2CC7F74F2996E94600761580 /* FBSDKCoreKit_Basics.xcframework in Frameworks */,
				2CC7F7562997990D00761580 /* FBSDKGamingServicesKit.xcframework in Frameworks */,
				0088D4BF41A829AA9551833F /* libPods-WedPlanCommonPods-WedPlan.a in Frameworks */,
			);
			runOnlyForDeploymentPostprocessing = 0;
		};
		2C15D1202A0598BA00DB11FC /* Frameworks */ = {
			isa = PBXFrameworksBuildPhase;
			buildActionMask = 2147483647;
			files = (
				2C15D1212A0598BA00DB11FC /* libreact-native-maps.a in Frameworks */,
				2C15D1222A0598BA00DB11FC /* FBSDKCoreKit.xcframework in Frameworks */,
				2C15D1232A0598BA00DB11FC /* FBSDKCoreKit_Basics.xcframework in Frameworks */,
				2C15D1242A0598BA00DB11FC /* FBSDKGamingServicesKit.xcframework in Frameworks */,
				E1DBF89CA6296B2821A27DAB /* libPods-WedPlanCommonPods-WedPlan-prod.a in Frameworks */,
			);
			runOnlyForDeploymentPostprocessing = 0;
		};
/* End PBXFrameworksBuildPhase section */

/* Begin PBXGroup section */
		00E356EF1AD99517003FC87E /* WedPlanTests */ = {
			isa = PBXGroup;
			children = (
				00E356F21AD99517003FC87E /* WedPlanTests.m */,
				00E356F01AD99517003FC87E /* Supporting Files */,
			);
			path = WedPlanTests;
			sourceTree = "<group>";
		};
		00E356F01AD99517003FC87E /* Supporting Files */ = {
			isa = PBXGroup;
			children = (
				00E356F11AD99517003FC87E /* Info.plist */,
			);
			name = "Supporting Files";
			sourceTree = "<group>";
		};
		13B07FAE1A68108700A75B9A /* WedPlan */ = {
			isa = PBXGroup;
			children = (
				13B07FAF1A68108700A75B9A /* AppDelegate.h */,
				13B07FB01A68108700A75B9A /* AppDelegate.mm */,
				13B07FB51A68108700A75B9A /* Images.xcassets */,
				13B07FB61A68108700A75B9A /* Info.plist */,
				81AB9BB72411601600AC10FF /* LaunchScreen.storyboard */,
				13B07FB71A68108700A75B9A /* main.m */,
			);
			name = WedPlan;
			sourceTree = "<group>";
		};
		2CC7F75829ABCE0E00761580 /* AirGoogleMaps */ = {
			isa = PBXGroup;
			children = (
				2CC7F75929ABCE0E00761580 /* AIRDummyView.m */,
				2CC7F75A29ABCE0E00761580 /* AIRGoogleMapWMSTile.h */,
				2CC7F75B29ABCE0E00761580 /* AIRGoogleMapPolyline.h */,
				2CC7F75C29ABCE0E00761580 /* AIRGoogleMapHeatmapManager.h */,
				2CC7F75D29ABCE0E00761580 /* AIRGoogleMapUrlTile.m */,
				2CC7F75E29ABCE0E00761580 /* AIRGoogleMapMarkerManager.h */,
				2CC7F75F29ABCE0E00761580 /* AIRGoogleMapCalloutManager.h */,
				2CC7F76029ABCE0E00761580 /* AIRGoogleMapPolygonManager.m */,
				2CC7F76129ABCE0E00761580 /* RCTConvert+GMSMapViewType.h */,
				2CC7F76229ABCE0E00761580 /* AIRGoogleMapManager.h */,
				2CC7F76329ABCE0E00761580 /* AIRGoogleMapMarker.m */,
				2CC7F76429ABCE0E00761580 /* AIRGMSPolyline.h */,
				2CC7F76529ABCE0E00761580 /* AIRGoogleMapPolylineManager.h */,
				2CC7F76629ABCE0E00761580 /* AIRGoogleMapOverlay.h */,
				2CC7F76729ABCE0E00761580 /* AIRGMSPolygon.m */,
				2CC7F76829ABCE0E00761580 /* AIRGoogleMapURLTileManager.m */,
				2CC7F76929ABCE0E00761580 /* AIRGoogleMapWMSTileManager.m */,
				2CC7F76A29ABCE0E00761580 /* AIRGoogleMapCircle.m */,
				2CC7F76B29ABCE0E00761580 /* AIRGoogleMap.h */,
				2CC7F76C29ABCE0E00761580 /* AIRGoogleMapHeatmap.h */,
				2CC7F76D29ABCE0E00761580 /* AIRGoogleMapOverlayManager.h */,
				2CC7F76E29ABCE0E00761580 /* AIRGoogleMapCallout.h */,
				2CC7F76F29ABCE0E00761580 /* AIRGoogleMapCalloutSubviewManager.h */,
				2CC7F77029ABCE0E00761580 /* AIRGoogleMapCalloutSubview.h */,
				2CC7F77129ABCE0E00761580 /* AIRGMSMarker.h */,
				2CC7F77229ABCE0E00761580 /* AIRGoogleMapCircleManager.m */,
				2CC7F77329ABCE0E00761580 /* AIRGoogleMapPolygon.h */,
				2CC7F77429ABCE0E00761580 /* AIRGoogleMapCalloutManager.m */,
				2CC7F77529ABCE0E00761580 /* AIRGoogleMapMarkerManager.m */,
				2CC7F77629ABCE0E00761580 /* AIRGoogleMapUrlTile.h */,
				2CC7F77729ABCE0E00761580 /* AIRGoogleMapPolyline.m */,
				2CC7F77829ABCE0E00761580 /* AIRGoogleMapHeatmapManager.m */,
				2CC7F77929ABCE0E00761580 /* AIRGoogleMapWMSTile.m */,
				2CC7F77A29ABCE0E00761580 /* AIRDummyView.h */,
				2CC7F77B29ABCE0E00761580 /* AIRGMSPolygon.h */,
				2CC7F77C29ABCE0E00761580 /* AIRGoogleMapOverlay.m */,
				2CC7F77D29ABCE0E00761580 /* AIRGMSPolyline.m */,
				2CC7F77E29ABCE0E00761580 /* AIRGoogleMapPolylineManager.m */,
				2CC7F77F29ABCE0E00761580 /* AIRGoogleMapManager.m */,
				2CC7F78029ABCE0E00761580 /* AIRGoogleMapMarker.h */,
				2CC7F78129ABCE0E00761580 /* AIRGoogleMapPolygonManager.h */,
				2CC7F78229ABCE0E00761580 /* RCTConvert+GMSMapViewType.m */,
				2CC7F78329ABCE0E00761580 /* AIRGoogleMapCalloutSubviewManager.m */,
				2CC7F78429ABCE0E00761580 /* AIRGoogleMapCallout.m */,
				2CC7F78529ABCE0E00761580 /* AIRGoogleMapOverlayManager.m */,
				2CC7F78629ABCE0E00761580 /* AIRGoogleMapHeatmap.m */,
				2CC7F78729ABCE0E00761580 /* AIRGoogleMap.m */,
				2CC7F78829ABCE0E00761580 /* AIRGoogleMapCircle.h */,
				2CC7F78929ABCE0E00761580 /* AIRGoogleMapWMSTileManager.h */,
				2CC7F78A29ABCE0E00761580 /* AIRGoogleMapUrlTileManager.h */,
				2CC7F78B29ABCE0E00761580 /* AIRGoogleMapCircleManager.h */,
				2CC7F78C29ABCE0E00761580 /* AIRGoogleMapPolygon.m */,
				2CC7F78D29ABCE0E00761580 /* AIRGMSMarker.m */,
				2CC7F78E29ABCE0E00761580 /* AIRGoogleMapCalloutSubview.m */,
			);
			name = AirGoogleMaps;
			path = "../node_modules/react-native-maps/ios/AirGoogleMaps";
			sourceTree = "<group>";
		};
		2D16E6871FA4F8E400B85C8A /* Frameworks */ = {
			isa = PBXGroup;
			children = (
				2CC7F7AC29AD58AA00761580 /* hermes.xcframework */,
				2CC7F7AA29ABD36800761580 /* libreact-native-maps.a */,
				2CC7F7512996E96D00761580 /* FBSDKGamingServicesKit.xcframework */,
				2CC7F74E2996E94600761580 /* FBSDKCoreKit_Basics.xcframework */,
				2CC7F7472996E90000761580 /* FBSDKCoreKit.xcframework */,
				2CC7F7432996E83800761580 /* glog.xcframework */,
				2CC7F7412996E83100761580 /* libFirebaseAuth.a */,
				2CC7F73D2996E82C00761580 /* FBAEMKit.xcframework */,
				ED297162215061F000B7C4FE /* JavaScriptCore.framework */,
				D0C35E81CD54AC9FC54570CA /* libPods-WedPlanCommonPods-WedPlan.a */,
				6EF8362669F7492EB30E5A40 /* libPods-WedPlanCommonPods-WedPlan-prod.a */,
				807FDA542B67284584880BB3 /* libPods-WedPlanCommonPods-WedPlanTests.a */,
			);
			name = Frameworks;
			sourceTree = "<group>";
		};
		832341AE1AAA6A7D00B99B32 /* Libraries */ = {
			isa = PBXGroup;
			children = (
			);
			name = Libraries;
			sourceTree = "<group>";
		};
		83CBB9F61A601CBA00E9B192 = {
			isa = PBXGroup;
			children = (
				2CF1797A29B7BA210076D7BE /* Config.xcconfig */,
				2CC7F75829ABCE0E00761580 /* AirGoogleMaps */,
				2CC7F7542996F0D600761580 /* GoogleService-Info.plist */,
				13B07FAE1A68108700A75B9A /* WedPlan */,
				832341AE1AAA6A7D00B99B32 /* Libraries */,
				00E356EF1AD99517003FC87E /* WedPlanTests */,
				83CBBA001A601CBA00E9B192 /* Products */,
				2D16E6871FA4F8E400B85C8A /* Frameworks */,
				BBD78D7AC51CEA395F1C20DB /* Pods */,
				2C15D1362A0598BA00DB11FC /* WedPlan prod-Info.plist */,
			);
			indentWidth = 2;
			sourceTree = "<group>";
			tabWidth = 2;
			usesTabs = 0;
		};
		83CBBA001A601CBA00E9B192 /* Products */ = {
			isa = PBXGroup;
			children = (
				13B07F961A680F5B00A75B9A /* WedPlan.app */,
				00E356EE1AD99517003FC87E /* WedPlanTests.xctest */,
				2C15D1352A0598BA00DB11FC /* WedPlan-prod.app */,
			);
			name = Products;
			sourceTree = "<group>";
		};
		BBD78D7AC51CEA395F1C20DB /* Pods */ = {
			isa = PBXGroup;
			children = (
				D1173D5F5DF3675E1586C2E1 /* Pods-WedPlan-WedPlanTests.debug.xcconfig */,
				69FCB9187D7F1480D7055069 /* Pods-WedPlan-WedPlanTests.release.xcconfig */,
				93F5C242DDDDB03E417A9E8F /* Pods-WedPlan.debug.xcconfig */,
				A76D00073DEF88A98930E58C /* Pods-WedPlan.release.xcconfig */,
				815328D62D832EED1A48BDCB /* Pods-WedPlanCommonPods-WedPlan.debug.xcconfig */,
				2B9C567113DB7FA3C8424415 /* Pods-WedPlanCommonPods-WedPlan.release.xcconfig */,
				A2D861C1F0C5297F992B1867 /* Pods-WedPlanCommonPods-WedPlan-prod.debug.xcconfig */,
				9CCDE33FE2FF6E5568D80566 /* Pods-WedPlanCommonPods-WedPlan-prod.release.xcconfig */,
				8DADF69322FA018AF0295F0A /* Pods-WedPlanCommonPods-WedPlanTests.debug.xcconfig */,
				3FDC4A08697F1710EC37D96F /* Pods-WedPlanCommonPods-WedPlanTests.release.xcconfig */,
			);
			path = Pods;
			sourceTree = "<group>";
		};
/* End PBXGroup section */

/* Begin PBXNativeTarget section */
		00E356ED1AD99517003FC87E /* WedPlanTests */ = {
			isa = PBXNativeTarget;
			buildConfigurationList = 00E357021AD99517003FC87E /* Build configuration list for PBXNativeTarget "WedPlanTests" */;
			buildPhases = (
				53875A21953DF0A5348F8397 /* [CP] Check Pods Manifest.lock */,
				00E356EA1AD99517003FC87E /* Sources */,
				00E356EB1AD99517003FC87E /* Frameworks */,
				00E356EC1AD99517003FC87E /* Resources */,
				E9C63A1CA004AA7B85D2424C /* [CP] Embed Pods Frameworks */,
				A655E29DD125A47D5CEA49CF /* [CP] Copy Pods Resources */,
			);
			buildRules = (
			);
			dependencies = (
				00E356F51AD99517003FC87E /* PBXTargetDependency */,
			);
			name = WedPlanTests;
			productName = WedPlanTests;
			productReference = 00E356EE1AD99517003FC87E /* WedPlanTests.xctest */;
			productType = "com.apple.product-type.bundle.unit-test";
		};
		13B07F861A680F5B00A75B9A /* WedPlan */ = {
			isa = PBXNativeTarget;
			buildConfigurationList = 13B07F931A680F5B00A75B9A /* Build configuration list for PBXNativeTarget "WedPlan" */;
			buildPhases = (
				EB8A89B1AAC57484FF3FF38B /* [CP] Check Pods Manifest.lock */,
				FD10A7F022414F080027D42C /* Start Packager */,
				13B07F871A680F5B00A75B9A /* Sources */,
				13B07F8C1A680F5B00A75B9A /* Frameworks */,
				13B07F8E1A680F5B00A75B9A /* Resources */,
				00DD1BFF1BD5951E006B06BC /* Bundle React Native code and images */,
				2CC7F74D2996E91600761580 /* Embed Frameworks */,
				09C8731AB089960B10946699 /* [CP] Embed Pods Frameworks */,
				AD4FC01142FD29CD531738E4 /* [CP] Copy Pods Resources */,
			);
			buildRules = (
			);
			dependencies = (
			);
			name = WedPlan;
			productName = WedPlan;
			productReference = 13B07F961A680F5B00A75B9A /* WedPlan.app */;
			productType = "com.apple.product-type.application";
		};
		2C15D0FF2A0598BA00DB11FC /* WedPlan-prod */ = {
			isa = PBXNativeTarget;
			buildConfigurationList = 2C15D1322A0598BA00DB11FC /* Build configuration list for PBXNativeTarget "WedPlan-prod" */;
			buildPhases = (
				1F9EF2D37E271AFA62C770BF /* [CP] Check Pods Manifest.lock */,
				2C15D1012A0598BA00DB11FC /* Start Packager */,
				2C15D1022A0598BA00DB11FC /* Sources */,
				2C15D1202A0598BA00DB11FC /* Frameworks */,
				2C15D1262A0598BA00DB11FC /* Resources */,
				2C15D12A2A0598BA00DB11FC /* Bundle React Native code and images */,
				2C15D12B2A0598BA00DB11FC /* Embed Frameworks */,
				5972A36707F275C43100195C /* [CP] Embed Pods Frameworks */,
				48DDEB60572239A898F7CCFF /* [CP] Copy Pods Resources */,
			);
			buildRules = (
			);
			dependencies = (
			);
			name = "WedPlan-prod";
			productName = WedPlan;
			productReference = 2C15D1352A0598BA00DB11FC /* WedPlan-prod.app */;
			productType = "com.apple.product-type.application";
		};
/* End PBXNativeTarget section */

/* Begin PBXProject section */
		83CBB9F71A601CBA00E9B192 /* Project object */ = {
			isa = PBXProject;
			attributes = {
				LastUpgradeCheck = 1210;
				TargetAttributes = {
					00E356ED1AD99517003FC87E = {
						CreatedOnToolsVersion = 6.2;
						TestTargetID = 13B07F861A680F5B00A75B9A;
					};
					13B07F861A680F5B00A75B9A = {
						LastSwiftMigration = 1120;
					};
				};
			};
			buildConfigurationList = 83CBB9FA1A601CBA00E9B192 /* Build configuration list for PBXProject "WedPlan" */;
			compatibilityVersion = "Xcode 12.0";
			developmentRegion = en;
			hasScannedForEncodings = 0;
			knownRegions = (
				en,
				Base,
			);
			mainGroup = 83CBB9F61A601CBA00E9B192;
			productRefGroup = 83CBBA001A601CBA00E9B192 /* Products */;
			projectDirPath = "";
			projectRoot = "";
			targets = (
				13B07F861A680F5B00A75B9A /* WedPlan */,
				00E356ED1AD99517003FC87E /* WedPlanTests */,
				2C15D0FF2A0598BA00DB11FC /* WedPlan-prod */,
			);
		};
/* End PBXProject section */

/* Begin PBXResourcesBuildPhase section */
		00E356EC1AD99517003FC87E /* Resources */ = {
			isa = PBXResourcesBuildPhase;
			buildActionMask = 2147483647;
			files = (
			);
			runOnlyForDeploymentPostprocessing = 0;
		};
		13B07F8E1A680F5B00A75B9A /* Resources */ = {
			isa = PBXResourcesBuildPhase;
			buildActionMask = 2147483647;
			files = (
				81AB9BB82411601600AC10FF /* LaunchScreen.storyboard in Resources */,
				13B07FBF1A68108700A75B9A /* Images.xcassets in Resources */,
				2CC7F7552996F0D600761580 /* GoogleService-Info.plist in Resources */,
			);
			runOnlyForDeploymentPostprocessing = 0;
		};
		2C15D1262A0598BA00DB11FC /* Resources */ = {
			isa = PBXResourcesBuildPhase;
			buildActionMask = 2147483647;
			files = (
				2C15D1272A0598BA00DB11FC /* LaunchScreen.storyboard in Resources */,
				2C15D1282A0598BA00DB11FC /* Images.xcassets in Resources */,
				2C15D1292A0598BA00DB11FC /* GoogleService-Info.plist in Resources */,
			);
			runOnlyForDeploymentPostprocessing = 0;
		};
/* End PBXResourcesBuildPhase section */

/* Begin PBXShellScriptBuildPhase section */
		00DD1BFF1BD5951E006B06BC /* Bundle React Native code and images */ = {
			isa = PBXShellScriptBuildPhase;
			buildActionMask = 2147483647;
			files = (
			);
			inputPaths = (
				"$(SRCROOT)/.xcode.env.local",
				"$(SRCROOT)/.xcode.env",
			);
			name = "Bundle React Native code and images";
			outputPaths = (
			);
			runOnlyForDeploymentPostprocessing = 0;
			shellPath = /bin/sh;
			shellScript = "set -e\n\nWITH_ENVIRONMENT=\"../node_modules/react-native/scripts/xcode/with-environment.sh\"\nREACT_NATIVE_XCODE=\"../node_modules/react-native/scripts/react-native-xcode.sh\"\n\n/bin/sh -c \"$WITH_ENVIRONMENT $REACT_NATIVE_XCODE\"\n";
		};
		09C8731AB089960B10946699 /* [CP] Embed Pods Frameworks */ = {
			isa = PBXShellScriptBuildPhase;
			buildActionMask = 2147483647;
			files = (
			);
			inputFileListPaths = (
				"${PODS_ROOT}/Target Support Files/Pods-WedPlanCommonPods-WedPlan/Pods-WedPlanCommonPods-WedPlan-frameworks-${CONFIGURATION}-input-files.xcfilelist",
			);
			name = "[CP] Embed Pods Frameworks";
			outputFileListPaths = (
				"${PODS_ROOT}/Target Support Files/Pods-WedPlanCommonPods-WedPlan/Pods-WedPlanCommonPods-WedPlan-frameworks-${CONFIGURATION}-output-files.xcfilelist",
			);
			runOnlyForDeploymentPostprocessing = 0;
			shellPath = /bin/sh;
			shellScript = "\"${PODS_ROOT}/Target Support Files/Pods-WedPlanCommonPods-WedPlan/Pods-WedPlanCommonPods-WedPlan-frameworks.sh\"\n";
			showEnvVarsInLog = 0;
		};
		1F9EF2D37E271AFA62C770BF /* [CP] Check Pods Manifest.lock */ = {
			isa = PBXShellScriptBuildPhase;
			buildActionMask = 2147483647;
			files = (
			);
			inputFileListPaths = (
			);
			inputPaths = (
				"${PODS_PODFILE_DIR_PATH}/Podfile.lock",
				"${PODS_ROOT}/Manifest.lock",
			);
			name = "[CP] Check Pods Manifest.lock";
			outputFileListPaths = (
			);
			outputPaths = (
				"$(DERIVED_FILE_DIR)/Pods-WedPlanCommonPods-WedPlan-prod-checkManifestLockResult.txt",
			);
			runOnlyForDeploymentPostprocessing = 0;
			shellPath = /bin/sh;
			shellScript = "diff \"${PODS_PODFILE_DIR_PATH}/Podfile.lock\" \"${PODS_ROOT}/Manifest.lock\" > /dev/null\nif [ $? != 0 ] ; then\n    # print error to STDERR\n    echo \"error: The sandbox is not in sync with the Podfile.lock. Run 'pod install' or update your CocoaPods installation.\" >&2\n    exit 1\nfi\n# This output is used by Xcode 'outputs' to avoid re-running this script phase.\necho \"SUCCESS\" > \"${SCRIPT_OUTPUT_FILE_0}\"\n";
			showEnvVarsInLog = 0;
		};
		2C15D1012A0598BA00DB11FC /* Start Packager */ = {
			isa = PBXShellScriptBuildPhase;
			buildActionMask = 2147483647;
			files = (
			);
			inputFileListPaths = (
			);
			inputPaths = (
			);
			name = "Start Packager";
			outputFileListPaths = (
			);
			outputPaths = (
			);
			runOnlyForDeploymentPostprocessing = 0;
			shellPath = /bin/sh;
			shellScript = "export RCT_METRO_PORT=\"${RCT_METRO_PORT:=8081}\"\necho \"export RCT_METRO_PORT=${RCT_METRO_PORT}\" > \"${SRCROOT}/../node_modules/react-native/scripts/.packager.env\"\nif [ -z \"${RCT_NO_LAUNCH_PACKAGER+xxx}\" ] ; then\n  if nc -w 5 -z localhost ${RCT_METRO_PORT} ; then\n    if ! curl -s \"http://localhost:${RCT_METRO_PORT}/status\" | grep -q \"packager-status:running\" ; then\n      echo \"Port ${RCT_METRO_PORT} already in use, packager is either not running or not running correctly\"\n      exit 2\n    fi\n  else\n    open \"$SRCROOT/../node_modules/react-native/scripts/launchPackager.command\" || echo \"Can't start packager automatically\"\n  fi\nfi\n";
			showEnvVarsInLog = 0;
		};
		2C15D12A2A0598BA00DB11FC /* Bundle React Native code and images */ = {
			isa = PBXShellScriptBuildPhase;
			buildActionMask = 2147483647;
			files = (
			);
			inputPaths = (
				"$(SRCROOT)/.xcode.env.local",
				"$(SRCROOT)/.xcode.env",
			);
			name = "Bundle React Native code and images";
			outputPaths = (
			);
			runOnlyForDeploymentPostprocessing = 0;
			shellPath = /bin/sh;
			shellScript = "set -e\n\nWITH_ENVIRONMENT=\"../node_modules/react-native/scripts/xcode/with-environment.sh\"\nREACT_NATIVE_XCODE=\"../node_modules/react-native/scripts/react-native-xcode.sh\"\n\n/bin/sh -c \"$WITH_ENVIRONMENT $REACT_NATIVE_XCODE\"\n";
		};
		48DDEB60572239A898F7CCFF /* [CP] Copy Pods Resources */ = {
			isa = PBXShellScriptBuildPhase;
			buildActionMask = 2147483647;
			files = (
			);
			inputFileListPaths = (
				"${PODS_ROOT}/Target Support Files/Pods-WedPlanCommonPods-WedPlan-prod/Pods-WedPlanCommonPods-WedPlan-prod-resources-${CONFIGURATION}-input-files.xcfilelist",
			);
			name = "[CP] Copy Pods Resources";
			outputFileListPaths = (
				"${PODS_ROOT}/Target Support Files/Pods-WedPlanCommonPods-WedPlan-prod/Pods-WedPlanCommonPods-WedPlan-prod-resources-${CONFIGURATION}-output-files.xcfilelist",
			);
			runOnlyForDeploymentPostprocessing = 0;
			shellPath = /bin/sh;
			shellScript = "\"${PODS_ROOT}/Target Support Files/Pods-WedPlanCommonPods-WedPlan-prod/Pods-WedPlanCommonPods-WedPlan-prod-resources.sh\"\n";
			showEnvVarsInLog = 0;
		};
		53875A21953DF0A5348F8397 /* [CP] Check Pods Manifest.lock */ = {
			isa = PBXShellScriptBuildPhase;
			buildActionMask = 2147483647;
			files = (
			);
			inputFileListPaths = (
			);
			inputPaths = (
				"${PODS_PODFILE_DIR_PATH}/Podfile.lock",
				"${PODS_ROOT}/Manifest.lock",
			);
			name = "[CP] Check Pods Manifest.lock";
			outputFileListPaths = (
			);
			outputPaths = (
				"$(DERIVED_FILE_DIR)/Pods-WedPlanCommonPods-WedPlanTests-checkManifestLockResult.txt",
			);
			runOnlyForDeploymentPostprocessing = 0;
			shellPath = /bin/sh;
			shellScript = "diff \"${PODS_PODFILE_DIR_PATH}/Podfile.lock\" \"${PODS_ROOT}/Manifest.lock\" > /dev/null\nif [ $? != 0 ] ; then\n    # print error to STDERR\n    echo \"error: The sandbox is not in sync with the Podfile.lock. Run 'pod install' or update your CocoaPods installation.\" >&2\n    exit 1\nfi\n# This output is used by Xcode 'outputs' to avoid re-running this script phase.\necho \"SUCCESS\" > \"${SCRIPT_OUTPUT_FILE_0}\"\n";
			showEnvVarsInLog = 0;
		};
		5972A36707F275C43100195C /* [CP] Embed Pods Frameworks */ = {
			isa = PBXShellScriptBuildPhase;
			buildActionMask = 2147483647;
			files = (
			);
			inputFileListPaths = (
				"${PODS_ROOT}/Target Support Files/Pods-WedPlanCommonPods-WedPlan-prod/Pods-WedPlanCommonPods-WedPlan-prod-frameworks-${CONFIGURATION}-input-files.xcfilelist",
			);
			name = "[CP] Embed Pods Frameworks";
			outputFileListPaths = (
				"${PODS_ROOT}/Target Support Files/Pods-WedPlanCommonPods-WedPlan-prod/Pods-WedPlanCommonPods-WedPlan-prod-frameworks-${CONFIGURATION}-output-files.xcfilelist",
			);
			runOnlyForDeploymentPostprocessing = 0;
			shellPath = /bin/sh;
			shellScript = "\"${PODS_ROOT}/Target Support Files/Pods-WedPlanCommonPods-WedPlan-prod/Pods-WedPlanCommonPods-WedPlan-prod-frameworks.sh\"\n";
			showEnvVarsInLog = 0;
		};
		A655E29DD125A47D5CEA49CF /* [CP] Copy Pods Resources */ = {
			isa = PBXShellScriptBuildPhase;
			buildActionMask = 2147483647;
			files = (
			);
			inputFileListPaths = (
				"${PODS_ROOT}/Target Support Files/Pods-WedPlanCommonPods-WedPlanTests/Pods-WedPlanCommonPods-WedPlanTests-resources-${CONFIGURATION}-input-files.xcfilelist",
			);
			name = "[CP] Copy Pods Resources";
			outputFileListPaths = (
				"${PODS_ROOT}/Target Support Files/Pods-WedPlanCommonPods-WedPlanTests/Pods-WedPlanCommonPods-WedPlanTests-resources-${CONFIGURATION}-output-files.xcfilelist",
			);
			runOnlyForDeploymentPostprocessing = 0;
			shellPath = /bin/sh;
			shellScript = "\"${PODS_ROOT}/Target Support Files/Pods-WedPlanCommonPods-WedPlanTests/Pods-WedPlanCommonPods-WedPlanTests-resources.sh\"\n";
			showEnvVarsInLog = 0;
		};
		AD4FC01142FD29CD531738E4 /* [CP] Copy Pods Resources */ = {
			isa = PBXShellScriptBuildPhase;
			buildActionMask = 2147483647;
			files = (
			);
			inputFileListPaths = (
				"${PODS_ROOT}/Target Support Files/Pods-WedPlanCommonPods-WedPlan/Pods-WedPlanCommonPods-WedPlan-resources-${CONFIGURATION}-input-files.xcfilelist",
			);
			name = "[CP] Copy Pods Resources";
			outputFileListPaths = (
				"${PODS_ROOT}/Target Support Files/Pods-WedPlanCommonPods-WedPlan/Pods-WedPlanCommonPods-WedPlan-resources-${CONFIGURATION}-output-files.xcfilelist",
			);
			runOnlyForDeploymentPostprocessing = 0;
			shellPath = /bin/sh;
			shellScript = "\"${PODS_ROOT}/Target Support Files/Pods-WedPlanCommonPods-WedPlan/Pods-WedPlanCommonPods-WedPlan-resources.sh\"\n";
			showEnvVarsInLog = 0;
		};
		E9C63A1CA004AA7B85D2424C /* [CP] Embed Pods Frameworks */ = {
			isa = PBXShellScriptBuildPhase;
			buildActionMask = 2147483647;
			files = (
			);
			inputFileListPaths = (
				"${PODS_ROOT}/Target Support Files/Pods-WedPlanCommonPods-WedPlanTests/Pods-WedPlanCommonPods-WedPlanTests-frameworks-${CONFIGURATION}-input-files.xcfilelist",
			);
			name = "[CP] Embed Pods Frameworks";
			outputFileListPaths = (
				"${PODS_ROOT}/Target Support Files/Pods-WedPlanCommonPods-WedPlanTests/Pods-WedPlanCommonPods-WedPlanTests-frameworks-${CONFIGURATION}-output-files.xcfilelist",
			);
			runOnlyForDeploymentPostprocessing = 0;
			shellPath = /bin/sh;
			shellScript = "\"${PODS_ROOT}/Target Support Files/Pods-WedPlanCommonPods-WedPlanTests/Pods-WedPlanCommonPods-WedPlanTests-frameworks.sh\"\n";
			showEnvVarsInLog = 0;
		};
		EB8A89B1AAC57484FF3FF38B /* [CP] Check Pods Manifest.lock */ = {
			isa = PBXShellScriptBuildPhase;
			buildActionMask = 2147483647;
			files = (
			);
			inputFileListPaths = (
			);
			inputPaths = (
				"${PODS_PODFILE_DIR_PATH}/Podfile.lock",
				"${PODS_ROOT}/Manifest.lock",
			);
			name = "[CP] Check Pods Manifest.lock";
			outputFileListPaths = (
			);
			outputPaths = (
				"$(DERIVED_FILE_DIR)/Pods-WedPlanCommonPods-WedPlan-checkManifestLockResult.txt",
			);
			runOnlyForDeploymentPostprocessing = 0;
			shellPath = /bin/sh;
			shellScript = "diff \"${PODS_PODFILE_DIR_PATH}/Podfile.lock\" \"${PODS_ROOT}/Manifest.lock\" > /dev/null\nif [ $? != 0 ] ; then\n    # print error to STDERR\n    echo \"error: The sandbox is not in sync with the Podfile.lock. Run 'pod install' or update your CocoaPods installation.\" >&2\n    exit 1\nfi\n# This output is used by Xcode 'outputs' to avoid re-running this script phase.\necho \"SUCCESS\" > \"${SCRIPT_OUTPUT_FILE_0}\"\n";
			showEnvVarsInLog = 0;
		};
		FD10A7F022414F080027D42C /* Start Packager */ = {
			isa = PBXShellScriptBuildPhase;
			buildActionMask = 2147483647;
			files = (
			);
			inputFileListPaths = (
			);
			inputPaths = (
			);
			name = "Start Packager";
			outputFileListPaths = (
			);
			outputPaths = (
			);
			runOnlyForDeploymentPostprocessing = 0;
			shellPath = /bin/sh;
			shellScript = "export RCT_METRO_PORT=\"${RCT_METRO_PORT:=8081}\"\necho \"export RCT_METRO_PORT=${RCT_METRO_PORT}\" > \"${SRCROOT}/../node_modules/react-native/scripts/.packager.env\"\nif [ -z \"${RCT_NO_LAUNCH_PACKAGER+xxx}\" ] ; then\n  if nc -w 5 -z localhost ${RCT_METRO_PORT} ; then\n    if ! curl -s \"http://localhost:${RCT_METRO_PORT}/status\" | grep -q \"packager-status:running\" ; then\n      echo \"Port ${RCT_METRO_PORT} already in use, packager is either not running or not running correctly\"\n      exit 2\n    fi\n  else\n    open \"$SRCROOT/../node_modules/react-native/scripts/launchPackager.command\" || echo \"Can't start packager automatically\"\n  fi\nfi\n";
			showEnvVarsInLog = 0;
		};
/* End PBXShellScriptBuildPhase section */

/* Begin PBXSourcesBuildPhase section */
		00E356EA1AD99517003FC87E /* Sources */ = {
			isa = PBXSourcesBuildPhase;
			buildActionMask = 2147483647;
			files = (
				00E356F31AD99517003FC87E /* WedPlanTests.m in Sources */,
			);
			runOnlyForDeploymentPostprocessing = 0;
		};
		13B07F871A680F5B00A75B9A /* Sources */ = {
			isa = PBXSourcesBuildPhase;
			buildActionMask = 2147483647;
			files = (
				2CC7F79029ABCE0E00761580 /* AIRGoogleMapUrlTile.m in Sources */,
				2CC7F7A529ABCE0E00761580 /* AIRGoogleMapHeatmap.m in Sources */,
				2CC7F7A129ABCE0E00761580 /* RCTConvert+GMSMapViewType.m in Sources */,
				2CC7F79129ABCE0E00761580 /* AIRGoogleMapPolygonManager.m in Sources */,
				2CC7F7A429ABCE0E00761580 /* AIRGoogleMapOverlayManager.m in Sources */,
				2CC7F79E29ABCE0E00761580 /* AIRGMSPolyline.m in Sources */,
				2CC7F79429ABCE0E00761580 /* AIRGoogleMapURLTileManager.m in Sources */,
				2CC7F7A229ABCE0E00761580 /* AIRGoogleMapCalloutSubviewManager.m in Sources */,
				2CC7F79929ABCE0E00761580 /* AIRGoogleMapMarkerManager.m in Sources */,
				2CC7F79229ABCE0E00761580 /* AIRGoogleMapMarker.m in Sources */,
				2CC7F7A829ABCE0E00761580 /* AIRGMSMarker.m in Sources */,
				2CC7F7A929ABCE0E00761580 /* AIRGoogleMapCalloutSubview.m in Sources */,
				2CC7F79D29ABCE0E00761580 /* AIRGoogleMapOverlay.m in Sources */,
				2CC7F7A329ABCE0E00761580 /* AIRGoogleMapCallout.m in Sources */,
				2CC7F79F29ABCE0E00761580 /* AIRGoogleMapPolylineManager.m in Sources */,
				2CC7F78F29ABCE0E00761580 /* AIRDummyView.m in Sources */,
				2CC7F79A29ABCE0E00761580 /* AIRGoogleMapPolyline.m in Sources */,
				2CC7F7A029ABCE0E00761580 /* AIRGoogleMapManager.m in Sources */,
				2CC7F79329ABCE0E00761580 /* AIRGMSPolygon.m in Sources */,
				2CC7F79629ABCE0E00761580 /* AIRGoogleMapCircle.m in Sources */,
				2CC7F7A629ABCE0E00761580 /* AIRGoogleMap.m in Sources */,
				2CC7F7A729ABCE0E00761580 /* AIRGoogleMapPolygon.m in Sources */,
				2CC7F79729ABCE0E00761580 /* AIRGoogleMapCircleManager.m in Sources */,
				2CC7F79529ABCE0E00761580 /* AIRGoogleMapWMSTileManager.m in Sources */,
				2CC7F79829ABCE0E00761580 /* AIRGoogleMapCalloutManager.m in Sources */,
				2CC7F79C29ABCE0E00761580 /* AIRGoogleMapWMSTile.m in Sources */,
				13B07FBC1A68108700A75B9A /* AppDelegate.mm in Sources */,
				13B07FC11A68108700A75B9A /* main.m in Sources */,
				2CC7F79B29ABCE0E00761580 /* AIRGoogleMapHeatmapManager.m in Sources */,
			);
			runOnlyForDeploymentPostprocessing = 0;
		};
		2C15D1022A0598BA00DB11FC /* Sources */ = {
			isa = PBXSourcesBuildPhase;
			buildActionMask = 2147483647;
			files = (
				2C15D1032A0598BA00DB11FC /* AIRGoogleMapUrlTile.m in Sources */,
				2C15D1042A0598BA00DB11FC /* AIRGoogleMapHeatmap.m in Sources */,
				2C15D1052A0598BA00DB11FC /* RCTConvert+GMSMapViewType.m in Sources */,
				2C15D1062A0598BA00DB11FC /* AIRGoogleMapPolygonManager.m in Sources */,
				2C15D1072A0598BA00DB11FC /* AIRGoogleMapOverlayManager.m in Sources */,
				2C15D1082A0598BA00DB11FC /* AIRGMSPolyline.m in Sources */,
				2C15D1092A0598BA00DB11FC /* AIRGoogleMapURLTileManager.m in Sources */,
				2C15D10A2A0598BA00DB11FC /* AIRGoogleMapCalloutSubviewManager.m in Sources */,
				2C15D10B2A0598BA00DB11FC /* AIRGoogleMapMarkerManager.m in Sources */,
				2C15D10C2A0598BA00DB11FC /* AIRGoogleMapMarker.m in Sources */,
				2C15D10D2A0598BA00DB11FC /* AIRGMSMarker.m in Sources */,
				2C15D10E2A0598BA00DB11FC /* AIRGoogleMapCalloutSubview.m in Sources */,
				2C15D10F2A0598BA00DB11FC /* AIRGoogleMapOverlay.m in Sources */,
				2C15D1102A0598BA00DB11FC /* AIRGoogleMapCallout.m in Sources */,
				2C15D1112A0598BA00DB11FC /* AIRGoogleMapPolylineManager.m in Sources */,
				2C15D1122A0598BA00DB11FC /* AIRDummyView.m in Sources */,
				2C15D1132A0598BA00DB11FC /* AIRGoogleMapPolyline.m in Sources */,
				2C15D1142A0598BA00DB11FC /* AIRGoogleMapManager.m in Sources */,
				2C15D1152A0598BA00DB11FC /* AIRGMSPolygon.m in Sources */,
				2C15D1162A0598BA00DB11FC /* AIRGoogleMapCircle.m in Sources */,
				2C15D1172A0598BA00DB11FC /* AIRGoogleMap.m in Sources */,
				2C15D1182A0598BA00DB11FC /* AIRGoogleMapPolygon.m in Sources */,
				2C15D1192A0598BA00DB11FC /* AIRGoogleMapCircleManager.m in Sources */,
				2C15D11A2A0598BA00DB11FC /* AIRGoogleMapWMSTileManager.m in Sources */,
				2C15D11B2A0598BA00DB11FC /* AIRGoogleMapCalloutManager.m in Sources */,
				2C15D11C2A0598BA00DB11FC /* AIRGoogleMapWMSTile.m in Sources */,
				2C15D11D2A0598BA00DB11FC /* AppDelegate.mm in Sources */,
				2C15D11E2A0598BA00DB11FC /* main.m in Sources */,
				2C15D11F2A0598BA00DB11FC /* AIRGoogleMapHeatmapManager.m in Sources */,
			);
			runOnlyForDeploymentPostprocessing = 0;
		};
/* End PBXSourcesBuildPhase section */

/* Begin PBXTargetDependency section */
		00E356F51AD99517003FC87E /* PBXTargetDependency */ = {
			isa = PBXTargetDependency;
			target = 13B07F861A680F5B00A75B9A /* WedPlan */;
			targetProxy = 00E356F41AD99517003FC87E /* PBXContainerItemProxy */;
		};
/* End PBXTargetDependency section */

/* Begin XCBuildConfiguration section */
		00E356F61AD99517003FC87E /* Debug */ = {
			isa = XCBuildConfiguration;
			baseConfigurationReference = 8DADF69322FA018AF0295F0A /* Pods-WedPlanCommonPods-WedPlanTests.debug.xcconfig */;
			buildSettings = {
				BUNDLE_LOADER = "$(TEST_HOST)";
				GCC_PREPROCESSOR_DEFINITIONS = (
					"DEBUG=1",
					"$(inherited)",
				);
				INFOPLIST_FILE = WedPlanTests/Info.plist;
				IPHONEOS_DEPLOYMENT_TARGET = 12.4;
				LD_RUNPATH_SEARCH_PATHS = (
					"$(inherited)",
					"@executable_path/Frameworks",
					"@loader_path/Frameworks",
				);
				OTHER_LDFLAGS = (
					"-ObjC",
					"-lc++",
					"$(inherited)",
				);
				PRODUCT_BUNDLE_IDENTIFIER = "org.reactjs.native.example.$(PRODUCT_NAME:rfc1034identifier)";
				PRODUCT_NAME = "$(TARGET_NAME)";
				TEST_HOST = "$(BUILT_PRODUCTS_DIR)/WedPlan.app/WedPlan";
			};
			name = Debug;
		};
		00E356F71AD99517003FC87E /* Release */ = {
			isa = XCBuildConfiguration;
			baseConfigurationReference = 3FDC4A08697F1710EC37D96F /* Pods-WedPlanCommonPods-WedPlanTests.release.xcconfig */;
			buildSettings = {
				BUNDLE_LOADER = "$(TEST_HOST)";
				COPY_PHASE_STRIP = NO;
				INFOPLIST_FILE = WedPlanTests/Info.plist;
				IPHONEOS_DEPLOYMENT_TARGET = 12.4;
				LD_RUNPATH_SEARCH_PATHS = (
					"$(inherited)",
					"@executable_path/Frameworks",
					"@loader_path/Frameworks",
				);
				OTHER_LDFLAGS = (
					"-ObjC",
					"-lc++",
					"$(inherited)",
				);
				PRODUCT_BUNDLE_IDENTIFIER = "org.reactjs.native.example.$(PRODUCT_NAME:rfc1034identifier)";
				PRODUCT_NAME = "$(TARGET_NAME)";
				TEST_HOST = "$(BUILT_PRODUCTS_DIR)/WedPlan.app/WedPlan";
			};
			name = Release;
		};
		13B07F941A680F5B00A75B9A /* Debug */ = {
			isa = XCBuildConfiguration;
			baseConfigurationReference = 815328D62D832EED1A48BDCB /* Pods-WedPlanCommonPods-WedPlan.debug.xcconfig */;
			buildSettings = {
				ASSETCATALOG_COMPILER_APPICON_NAME = AppIcon;
				CLANG_ENABLE_MODULES = YES;
				CURRENT_PROJECT_VERSION = 1;
				ENABLE_BITCODE = NO;
				GCC_PREPROCESSOR_DEFINITIONS = "$(inherited)";
				"GCC_PREPROCESSOR_DEFINITIONS[arch=*]" = (
					"$(inherited)",
					"HAVE_GOOGLE_MAPS=1",
				);
				INFOPLIST_FILE = WedPlan/Info.plist;
				LD_RUNPATH_SEARCH_PATHS = (
					"$(inherited)",
					"@executable_path/Frameworks",
				);
				MARKETING_VERSION = 0.0.2;
				OTHER_LDFLAGS = (
					"$(inherited)",
					"-ObjC",
					"-lc++",
				);
				PRODUCT_BUNDLE_IDENTIFIER = "org.reactjs.native.example.$(PRODUCT_NAME:rfc1034identifier)";
				PRODUCT_NAME = WedPlan;
				SWIFT_OPTIMIZATION_LEVEL = "-Onone";
				SWIFT_VERSION = 5.0;
				VERSIONING_SYSTEM = "apple-generic";
			};
			name = Debug;
		};
		13B07F951A680F5B00A75B9A /* Release */ = {
			isa = XCBuildConfiguration;
			baseConfigurationReference = 2B9C567113DB7FA3C8424415 /* Pods-WedPlanCommonPods-WedPlan.release.xcconfig */;
			buildSettings = {
				ASSETCATALOG_COMPILER_APPICON_NAME = AppIcon;
				CLANG_ENABLE_MODULES = YES;
				CURRENT_PROJECT_VERSION = 1;
				GCC_PREPROCESSOR_DEFINITIONS = (
					"$(inherited)",
					"HAVE_GOOGLE_MAPS=1",
				);
				INFOPLIST_FILE = WedPlan/Info.plist;
				LD_RUNPATH_SEARCH_PATHS = (
					"$(inherited)",
					"@executable_path/Frameworks",
				);
				MARKETING_VERSION = 0.0.2;
				OTHER_LDFLAGS = (
					"$(inherited)",
					"-ObjC",
					"-lc++",
				);
				PRODUCT_BUNDLE_IDENTIFIER = "org.reactjs.native.example.$(PRODUCT_NAME:rfc1034identifier)";
				PRODUCT_NAME = WedPlan;
				SWIFT_VERSION = 5.0;
				VERSIONING_SYSTEM = "apple-generic";
			};
			name = Release;
		};
		2C15D1332A0598BA00DB11FC /* Debug */ = {
			isa = XCBuildConfiguration;
			baseConfigurationReference = A2D861C1F0C5297F992B1867 /* Pods-WedPlanCommonPods-WedPlan-prod.debug.xcconfig */;
			buildSettings = {
				ASSETCATALOG_COMPILER_APPICON_NAME = AppIcon;
				CLANG_ENABLE_MODULES = YES;
				CURRENT_PROJECT_VERSION = 1;
				ENABLE_BITCODE = NO;
				GCC_PREPROCESSOR_DEFINITIONS = "$(inherited)";
				"GCC_PREPROCESSOR_DEFINITIONS[arch=*]" = (
					"$(inherited)",
					"HAVE_GOOGLE_MAPS=1",
				);
				INFOPLIST_FILE = "WedPlan prod-Info.plist";
				INFOPLIST_KEY_CFBundleDisplayName = "WedPlan-prod";
				LD_RUNPATH_SEARCH_PATHS = (
					"$(inherited)",
					"@executable_path/Frameworks",
				);
				MARKETING_VERSION = 0.0.2;
				OTHER_LDFLAGS = (
					"$(inherited)",
					"-ObjC",
					"-lc++",
				);
				PRODUCT_BUNDLE_IDENTIFIER = "org.reactjs.native.example.$(PRODUCT_NAME:rfc1034identifier)";
				PRODUCT_NAME = "$(TARGET_NAME)";
				SWIFT_OPTIMIZATION_LEVEL = "-Onone";
				SWIFT_VERSION = 5.0;
				VERSIONING_SYSTEM = "apple-generic";
			};
			name = Debug;
		};
		2C15D1342A0598BA00DB11FC /* Release */ = {
			isa = XCBuildConfiguration;
			baseConfigurationReference = 9CCDE33FE2FF6E5568D80566 /* Pods-WedPlanCommonPods-WedPlan-prod.release.xcconfig */;
			buildSettings = {
				ASSETCATALOG_COMPILER_APPICON_NAME = AppIcon;
				CLANG_ENABLE_MODULES = YES;
				CURRENT_PROJECT_VERSION = 1;
				GCC_PREPROCESSOR_DEFINITIONS = (
					"$(inherited)",
					"HAVE_GOOGLE_MAPS=1",
				);
				INFOPLIST_FILE = "WedPlan prod-Info.plist";
				INFOPLIST_KEY_CFBundleDisplayName = "WedPlan-prod";
				LD_RUNPATH_SEARCH_PATHS = (
					"$(inherited)",
					"@executable_path/Frameworks",
				);
				MARKETING_VERSION = 0.0.2;
				OTHER_LDFLAGS = (
					"$(inherited)",
					"-ObjC",
					"-lc++",
				);
				PRODUCT_BUNDLE_IDENTIFIER = "org.reactjs.native.example.$(PRODUCT_NAME:rfc1034identifier)";
				PRODUCT_NAME = "$(TARGET_NAME)";
				SWIFT_VERSION = 5.0;
				VERSIONING_SYSTEM = "apple-generic";
			};
			name = Release;
		};
		83CBBA201A601CBA00E9B192 /* Debug */ = {
			isa = XCBuildConfiguration;
			baseConfigurationReference = 2CF1797A29B7BA210076D7BE /* Config.xcconfig */;
			buildSettings = {
				ALWAYS_SEARCH_USER_PATHS = NO;
				CLANG_ANALYZER_LOCALIZABILITY_NONLOCALIZED = YES;
				CLANG_CXX_LANGUAGE_STANDARD = "c++17";
				CLANG_CXX_LIBRARY = "libc++";
				CLANG_ENABLE_MODULES = YES;
				CLANG_ENABLE_OBJC_ARC = YES;
				CLANG_WARN_BLOCK_CAPTURE_AUTORELEASING = YES;
				CLANG_WARN_BOOL_CONVERSION = YES;
				CLANG_WARN_COMMA = YES;
				CLANG_WARN_CONSTANT_CONVERSION = YES;
				CLANG_WARN_DEPRECATED_OBJC_IMPLEMENTATIONS = YES;
				CLANG_WARN_DIRECT_OBJC_ISA_USAGE = YES_ERROR;
				CLANG_WARN_EMPTY_BODY = YES;
				CLANG_WARN_ENUM_CONVERSION = YES;
				CLANG_WARN_INFINITE_RECURSION = YES;
				CLANG_WARN_INT_CONVERSION = YES;
				CLANG_WARN_NON_LITERAL_NULL_CONVERSION = YES;
				CLANG_WARN_OBJC_IMPLICIT_RETAIN_SELF = YES;
				CLANG_WARN_OBJC_LITERAL_CONVERSION = YES;
				CLANG_WARN_OBJC_ROOT_CLASS = YES_ERROR;
				CLANG_WARN_QUOTED_INCLUDE_IN_FRAMEWORK_HEADER = YES;
				CLANG_WARN_RANGE_LOOP_ANALYSIS = YES;
				CLANG_WARN_STRICT_PROTOTYPES = YES;
				CLANG_WARN_SUSPICIOUS_MOVE = YES;
				CLANG_WARN_UNREACHABLE_CODE = YES;
				CLANG_WARN__DUPLICATE_METHOD_MATCH = YES;
				"CODE_SIGN_IDENTITY[sdk=iphoneos*]" = "iPhone Developer";
				COPY_PHASE_STRIP = NO;
				ENABLE_STRICT_OBJC_MSGSEND = YES;
				ENABLE_TESTABILITY = YES;
				"EXCLUDED_ARCHS[sdk=iphonesimulator*]" = i386;
				GCC_C_LANGUAGE_STANDARD = gnu99;
				GCC_DYNAMIC_NO_PIC = NO;
				GCC_NO_COMMON_BLOCKS = YES;
				GCC_OPTIMIZATION_LEVEL = 0;
				GCC_PREPROCESSOR_DEFINITIONS = (
					"DEBUG=1",
					"$(inherited)",
				);
				GCC_SYMBOLS_PRIVATE_EXTERN = NO;
				GCC_WARN_64_TO_32_BIT_CONVERSION = YES;
				GCC_WARN_ABOUT_RETURN_TYPE = YES_ERROR;
				GCC_WARN_UNDECLARED_SELECTOR = YES;
				GCC_WARN_UNINITIALIZED_AUTOS = YES_AGGRESSIVE;
				GCC_WARN_UNUSED_FUNCTION = YES;
				GCC_WARN_UNUSED_VARIABLE = YES;
				IPHONEOS_DEPLOYMENT_TARGET = 12.4;
				LD_RUNPATH_SEARCH_PATHS = (
					/usr/lib/swift,
					"$(inherited)",
				);
				LIBRARY_SEARCH_PATHS = (
					"\"$(SDKROOT)/usr/lib/swift\"",
					"\"$(TOOLCHAIN_DIR)/usr/lib/swift/$(PLATFORM_NAME)\"",
					"\"$(inherited)\"",
				);
				MTL_ENABLE_DEBUG_INFO = YES;
				ONLY_ACTIVE_ARCH = YES;
				OTHER_CPLUSPLUSFLAGS = (
					"$(OTHER_CFLAGS)",
					"-DFOLLY_NO_CONFIG",
					"-DFOLLY_MOBILE=1",
					"-DFOLLY_USE_LIBCPP=1",
				);
				REACT_NATIVE_PATH = "${PODS_ROOT}/../../node_modules/react-native";
				SDKROOT = iphoneos;
			};
			name = Debug;
		};
		83CBBA211A601CBA00E9B192 /* Release */ = {
			isa = XCBuildConfiguration;
			baseConfigurationReference = 2CF1797A29B7BA210076D7BE /* Config.xcconfig */;
			buildSettings = {
				ALWAYS_SEARCH_USER_PATHS = NO;
				CLANG_ANALYZER_LOCALIZABILITY_NONLOCALIZED = YES;
				CLANG_CXX_LANGUAGE_STANDARD = "c++17";
				CLANG_CXX_LIBRARY = "libc++";
				CLANG_ENABLE_MODULES = YES;
				CLANG_ENABLE_OBJC_ARC = YES;
				CLANG_WARN_BLOCK_CAPTURE_AUTORELEASING = YES;
				CLANG_WARN_BOOL_CONVERSION = YES;
				CLANG_WARN_COMMA = YES;
				CLANG_WARN_CONSTANT_CONVERSION = YES;
				CLANG_WARN_DEPRECATED_OBJC_IMPLEMENTATIONS = YES;
				CLANG_WARN_DIRECT_OBJC_ISA_USAGE = YES_ERROR;
				CLANG_WARN_EMPTY_BODY = YES;
				CLANG_WARN_ENUM_CONVERSION = YES;
				CLANG_WARN_INFINITE_RECURSION = YES;
				CLANG_WARN_INT_CONVERSION = YES;
				CLANG_WARN_NON_LITERAL_NULL_CONVERSION = YES;
				CLANG_WARN_OBJC_IMPLICIT_RETAIN_SELF = YES;
				CLANG_WARN_OBJC_LITERAL_CONVERSION = YES;
				CLANG_WARN_OBJC_ROOT_CLASS = YES_ERROR;
				CLANG_WARN_QUOTED_INCLUDE_IN_FRAMEWORK_HEADER = YES;
				CLANG_WARN_RANGE_LOOP_ANALYSIS = YES;
				CLANG_WARN_STRICT_PROTOTYPES = YES;
				CLANG_WARN_SUSPICIOUS_MOVE = YES;
				CLANG_WARN_UNREACHABLE_CODE = YES;
				CLANG_WARN__DUPLICATE_METHOD_MATCH = YES;
				"CODE_SIGN_IDENTITY[sdk=iphoneos*]" = "iPhone Developer";
				COPY_PHASE_STRIP = YES;
				ENABLE_NS_ASSERTIONS = NO;
				ENABLE_STRICT_OBJC_MSGSEND = YES;
				"EXCLUDED_ARCHS[sdk=iphonesimulator*]" = i386;
				GCC_C_LANGUAGE_STANDARD = gnu99;
				GCC_NO_COMMON_BLOCKS = YES;
				GCC_WARN_64_TO_32_BIT_CONVERSION = YES;
				GCC_WARN_ABOUT_RETURN_TYPE = YES_ERROR;
				GCC_WARN_UNDECLARED_SELECTOR = YES;
				GCC_WARN_UNINITIALIZED_AUTOS = YES_AGGRESSIVE;
				GCC_WARN_UNUSED_FUNCTION = YES;
				GCC_WARN_UNUSED_VARIABLE = YES;
				IPHONEOS_DEPLOYMENT_TARGET = 12.4;
				LD_RUNPATH_SEARCH_PATHS = (
					/usr/lib/swift,
					"$(inherited)",
				);
				LIBRARY_SEARCH_PATHS = (
					"\"$(SDKROOT)/usr/lib/swift\"",
					"\"$(TOOLCHAIN_DIR)/usr/lib/swift/$(PLATFORM_NAME)\"",
					"\"$(inherited)\"",
				);
				MTL_ENABLE_DEBUG_INFO = NO;
				OTHER_CPLUSPLUSFLAGS = (
					"$(OTHER_CFLAGS)",
					"-DFOLLY_NO_CONFIG",
					"-DFOLLY_MOBILE=1",
					"-DFOLLY_USE_LIBCPP=1",
				);
				REACT_NATIVE_PATH = "${PODS_ROOT}/../../node_modules/react-native";
				SDKROOT = iphoneos;
				VALIDATE_PRODUCT = YES;
			};
			name = Release;
		};
/* End XCBuildConfiguration section */

/* Begin XCConfigurationList section */
		00E357021AD99517003FC87E /* Build configuration list for PBXNativeTarget "WedPlanTests" */ = {
			isa = XCConfigurationList;
			buildConfigurations = (
				00E356F61AD99517003FC87E /* Debug */,
				00E356F71AD99517003FC87E /* Release */,
			);
			defaultConfigurationIsVisible = 0;
			defaultConfigurationName = Release;
		};
		13B07F931A680F5B00A75B9A /* Build configuration list for PBXNativeTarget "WedPlan" */ = {
			isa = XCConfigurationList;
			buildConfigurations = (
				13B07F941A680F5B00A75B9A /* Debug */,
				13B07F951A680F5B00A75B9A /* Release */,
			);
			defaultConfigurationIsVisible = 0;
			defaultConfigurationName = Release;
		};
		2C15D1322A0598BA00DB11FC /* Build configuration list for PBXNativeTarget "WedPlan-prod" */ = {
			isa = XCConfigurationList;
			buildConfigurations = (
				2C15D1332A0598BA00DB11FC /* Debug */,
				2C15D1342A0598BA00DB11FC /* Release */,
			);
			defaultConfigurationIsVisible = 0;
			defaultConfigurationName = Release;
		};
		83CBB9FA1A601CBA00E9B192 /* Build configuration list for PBXProject "WedPlan" */ = {
			isa = XCConfigurationList;
			buildConfigurations = (
				83CBBA201A601CBA00E9B192 /* Debug */,
				83CBBA211A601CBA00E9B192 /* Release */,
			);
			defaultConfigurationIsVisible = 0;
			defaultConfigurationName = Release;
		};
/* End XCConfigurationList section */
	};
	rootObject = 83CBB9F71A601CBA00E9B192 /* Project object */;
}
